
Microsoft Visual Studio Solution File, Format Version 12.00
# Visual Studio 15
VisualStudioVersion = 15.0.26124.0
MinimumVisualStudioVersion = 15.0.26124.0
Project("{2150E333-8FDC-42A3-9474-1A3956D46DE8}") = "_1_1", "_1_1", "{0DAF723A-9AE0-44C7-A2E3-C54D860E4E38}"
EndProject
Project("{FAE04EC0-301F-11D3-BF4B-00C04F79EFBC}") = "IsUnique", "_1_1\IsUnique\IsUnique.csproj", "{4D577B18-93C1-4808-A1FA-6764B232118F}"
EndProject
Project("{2150E333-8FDC-42A3-9474-1A3956D46DE8}") = "_1_2", "_1_2", "{5EBF7129-25ED-4D2B-8906-9A278BD0665F}"
EndProject
Project("{FAE04EC0-301F-11D3-BF4B-00C04F79EFBC}") = "CheckPermutation", "_1_2\CheckPermutation\CheckPermutation.csproj", "{2C8A80EB-5754-46DC-9EEB-176DFE0ED218}"
EndProject
Project("{2150E333-8FDC-42A3-9474-1A3956D46DE8}") = "_1_3", "_1_3", "{F06AB6F9-B27B-440F-B181-F69052362183}"
EndProject
Project("{FAE04EC0-301F-11D3-BF4B-00C04F79EFBC}") = "Urlify", "_1_3\Urlify\Urlify.csproj", "{5F85E9F9-3798-4A7D-9694-7CEDE1FCDCF9}"
EndProject
Project("{2150E333-8FDC-42A3-9474-1A3956D46DE8}") = "_1_4", "_1_4", "{285A0427-02FC-49A8-829D-0D4A5F94B528}"
EndProject
Project("{FAE04EC0-301F-11D3-BF4B-00C04F79EFBC}") = "PalindromePermutation", "_1_4\PalindromePermutation\PalindromePermutation.csproj", "{4A2CBD32-90D3-4B06-87B1-3EEEF8ED50E1}"
EndProject
Project("{2150E333-8FDC-42A3-9474-1A3956D46DE8}") = "_1_5", "_1_5", "{40FDF84D-035E-4660-8ABE-A2FEBC82FFE8}"
EndProject
Project("{FAE04EC0-301F-11D3-BF4B-00C04F79EFBC}") = "OneAway", "_1_5\OneAway\OneAway.csproj", "{A0E5D8E1-5426-4533-B775-19F1168115EA}"
EndProject
Project("{2150E333-8FDC-42A3-9474-1A3956D46DE8}") = "_1_6", "_1_6", "{0953D6CE-657B-4CC9-BAD5-EBD7A4B242E0}"
EndProject
Project("{FAE04EC0-301F-11D3-BF4B-00C04F79EFBC}") = "StringCompression", "_1_6\StringCompression\StringCompression.csproj", "{9BE8C323-0848-4860-83A0-DFD9E83BDCC9}"
EndProject
Project("{2150E333-8FDC-42A3-9474-1A3956D46DE8}") = "_1_7", "_1_7", "{9F831D31-E196-4099-85D6-53CD6548B7B3}"
EndProject
Project("{FAE04EC0-301F-11D3-BF4B-00C04F79EFBC}") = "RotateMatrix", "_1_7\RotateMatrix\RotateMatrix.csproj", "{639AFE4E-7A0B-405C-942A-23145C687742}"
EndProject
Project("{2150E333-8FDC-42A3-9474-1A3956D46DE8}") = "_1_8", "_1_8", "{BC2DBC20-E5D1-4109-AD4F-06D3B2D54116}"
EndProject
Project("{FAE04EC0-301F-11D3-BF4B-00C04F79EFBC}") = "ZeroMatrix", "_1_8\ZeroMatrix\ZeroMatrix.csproj", "{6927F023-4440-41DD-BD15-F4BE5563E053}"
EndProject
Project("{2150E333-8FDC-42A3-9474-1A3956D46DE8}") = "_1_9", "_1_9", "{95A8DD0D-F462-4AA2-B9C3-C051E3418012}"
EndProject
Project("{FAE04EC0-301F-11D3-BF4B-00C04F79EFBC}") = "StringRotation", "_1_9\StringRotation\StringRotation.csproj", "{22B13762-64BF-4486-A5D5-52A67F1D0404}"
EndProject
Project("{FAE04EC0-301F-11D3-BF4B-00C04F79EFBC}") = "Utilities", "Utilities\Utilities.csproj", "{F73E19F3-3C27-4CB4-859D-D6FC0E174472}"
EndProject
Global
	GlobalSection(SolutionConfigurationPlatforms) = preSolution
		Debug|Any CPU = Debug|Any CPU
		Debug|x64 = Debug|x64
		Debug|x86 = Debug|x86
		Release|Any CPU = Release|Any CPU
		Release|x64 = Release|x64
		Release|x86 = Release|x86
	EndGlobalSection
	GlobalSection(SolutionProperties) = preSolution
		HideSolutionNode = FALSE
	EndGlobalSection
	GlobalSection(ProjectConfigurationPlatforms) = postSolution
		{4D577B18-93C1-4808-A1FA-6764B232118F}.Debug|Any CPU.ActiveCfg = Debug|Any CPU
		{4D577B18-93C1-4808-A1FA-6764B232118F}.Debug|Any CPU.Build.0 = Debug|Any CPU
		{4D577B18-93C1-4808-A1FA-6764B232118F}.Debug|x64.ActiveCfg = Debug|x64
		{4D577B18-93C1-4808-A1FA-6764B232118F}.Debug|x64.Build.0 = Debug|x64
		{4D577B18-93C1-4808-A1FA-6764B232118F}.Debug|x86.ActiveCfg = Debug|x86
		{4D577B18-93C1-4808-A1FA-6764B232118F}.Debug|x86.Build.0 = Debug|x86
		{4D577B18-93C1-4808-A1FA-6764B232118F}.Release|Any CPU.ActiveCfg = Release|Any CPU
		{4D577B18-93C1-4808-A1FA-6764B232118F}.Release|Any CPU.Build.0 = Release|Any CPU
		{4D577B18-93C1-4808-A1FA-6764B232118F}.Release|x64.ActiveCfg = Release|x64
		{4D577B18-93C1-4808-A1FA-6764B232118F}.Release|x64.Build.0 = Release|x64
		{4D577B18-93C1-4808-A1FA-6764B232118F}.Release|x86.ActiveCfg = Release|x86
		{4D577B18-93C1-4808-A1FA-6764B232118F}.Release|x86.Build.0 = Release|x86
		{2C8A80EB-5754-46DC-9EEB-176DFE0ED218}.Debug|Any CPU.ActiveCfg = Debug|Any CPU
		{2C8A80EB-5754-46DC-9EEB-176DFE0ED218}.Debug|Any CPU.Build.0 = Debug|Any CPU
		{2C8A80EB-5754-46DC-9EEB-176DFE0ED218}.Debug|x64.ActiveCfg = Debug|x64
		{2C8A80EB-5754-46DC-9EEB-176DFE0ED218}.Debug|x64.Build.0 = Debug|x64
		{2C8A80EB-5754-46DC-9EEB-176DFE0ED218}.Debug|x86.ActiveCfg = Debug|x86
		{2C8A80EB-5754-46DC-9EEB-176DFE0ED218}.Debug|x86.Build.0 = Debug|x86
		{2C8A80EB-5754-46DC-9EEB-176DFE0ED218}.Release|Any CPU.ActiveCfg = Release|Any CPU
		{2C8A80EB-5754-46DC-9EEB-176DFE0ED218}.Release|Any CPU.Build.0 = Release|Any CPU
		{2C8A80EB-5754-46DC-9EEB-176DFE0ED218}.Release|x64.ActiveCfg = Release|x64
		{2C8A80EB-5754-46DC-9EEB-176DFE0ED218}.Release|x64.Build.0 = Release|x64
		{2C8A80EB-5754-46DC-9EEB-176DFE0ED218}.Release|x86.ActiveCfg = Release|x86
		{2C8A80EB-5754-46DC-9EEB-176DFE0ED218}.Release|x86.Build.0 = Release|x86
		{5F85E9F9-3798-4A7D-9694-7CEDE1FCDCF9}.Debug|Any CPU.ActiveCfg = Debug|Any CPU
		{5F85E9F9-3798-4A7D-9694-7CEDE1FCDCF9}.Debug|Any CPU.Build.0 = Debug|Any CPU
		{5F85E9F9-3798-4A7D-9694-7CEDE1FCDCF9}.Debug|x64.ActiveCfg = Debug|x64
		{5F85E9F9-3798-4A7D-9694-7CEDE1FCDCF9}.Debug|x64.Build.0 = Debug|x64
		{5F85E9F9-3798-4A7D-9694-7CEDE1FCDCF9}.Debug|x86.ActiveCfg = Debug|x86
		{5F85E9F9-3798-4A7D-9694-7CEDE1FCDCF9}.Debug|x86.Build.0 = Debug|x86
		{5F85E9F9-3798-4A7D-9694-7CEDE1FCDCF9}.Release|Any CPU.ActiveCfg = Release|Any CPU
		{5F85E9F9-3798-4A7D-9694-7CEDE1FCDCF9}.Release|Any CPU.Build.0 = Release|Any CPU
		{5F85E9F9-3798-4A7D-9694-7CEDE1FCDCF9}.Release|x64.ActiveCfg = Release|x64
		{5F85E9F9-3798-4A7D-9694-7CEDE1FCDCF9}.Release|x64.Build.0 = Release|x64
		{5F85E9F9-3798-4A7D-9694-7CEDE1FCDCF9}.Release|x86.ActiveCfg = Release|x86
		{5F85E9F9-3798-4A7D-9694-7CEDE1FCDCF9}.Release|x86.Build.0 = Release|x86
		{4A2CBD32-90D3-4B06-87B1-3EEEF8ED50E1}.Debug|Any CPU.ActiveCfg = Debug|Any CPU
		{4A2CBD32-90D3-4B06-87B1-3EEEF8ED50E1}.Debug|Any CPU.Build.0 = Debug|Any CPU
		{4A2CBD32-90D3-4B06-87B1-3EEEF8ED50E1}.Debug|x64.ActiveCfg = Debug|x64
		{4A2CBD32-90D3-4B06-87B1-3EEEF8ED50E1}.Debug|x64.Build.0 = Debug|x64
		{4A2CBD32-90D3-4B06-87B1-3EEEF8ED50E1}.Debug|x86.ActiveCfg = Debug|x86
		{4A2CBD32-90D3-4B06-87B1-3EEEF8ED50E1}.Debug|x86.Build.0 = Debug|x86
		{4A2CBD32-90D3-4B06-87B1-3EEEF8ED50E1}.Release|Any CPU.ActiveCfg = Release|Any CPU
		{4A2CBD32-90D3-4B06-87B1-3EEEF8ED50E1}.Release|Any CPU.Build.0 = Release|Any CPU
		{4A2CBD32-90D3-4B06-87B1-3EEEF8ED50E1}.Release|x64.ActiveCfg = Release|x64
		{4A2CBD32-90D3-4B06-87B1-3EEEF8ED50E1}.Release|x64.Build.0 = Release|x64
		{4A2CBD32-90D3-4B06-87B1-3EEEF8ED50E1}.Release|x86.ActiveCfg = Release|x86
		{4A2CBD32-90D3-4B06-87B1-3EEEF8ED50E1}.Release|x86.Build.0 = Release|x86
		{A0E5D8E1-5426-4533-B775-19F1168115EA}.Debug|Any CPU.ActiveCfg = Debug|Any CPU
		{A0E5D8E1-5426-4533-B775-19F1168115EA}.Debug|Any CPU.Build.0 = Debug|Any CPU
		{A0E5D8E1-5426-4533-B775-19F1168115EA}.Debug|x64.ActiveCfg = Debug|x64
		{A0E5D8E1-5426-4533-B775-19F1168115EA}.Debug|x64.Build.0 = Debug|x64
		{A0E5D8E1-5426-4533-B775-19F1168115EA}.Debug|x86.ActiveCfg = Debug|x86
		{A0E5D8E1-5426-4533-B775-19F1168115EA}.Debug|x86.Build.0 = Debug|x86
		{A0E5D8E1-5426-4533-B775-19F1168115EA}.Release|Any CPU.ActiveCfg = Release|Any CPU
		{A0E5D8E1-5426-4533-B775-19F1168115EA}.Release|Any CPU.Build.0 = Release|Any CPU
		{A0E5D8E1-5426-4533-B775-19F1168115EA}.Release|x64.ActiveCfg = Release|x64
		{A0E5D8E1-5426-4533-B775-19F1168115EA}.Release|x64.Build.0 = Release|x64
		{A0E5D8E1-5426-4533-B775-19F1168115EA}.Release|x86.ActiveCfg = Release|x86
		{A0E5D8E1-5426-4533-B775-19F1168115EA}.Release|x86.Build.0 = Release|x86
		{9BE8C323-0848-4860-83A0-DFD9E83BDCC9}.Debug|Any CPU.ActiveCfg = Debug|Any CPU
		{9BE8C323-0848-4860-83A0-DFD9E83BDCC9}.Debug|Any CPU.Build.0 = Debug|Any CPU
		{9BE8C323-0848-4860-83A0-DFD9E83BDCC9}.Debug|x64.ActiveCfg = Debug|x64
		{9BE8C323-0848-4860-83A0-DFD9E83BDCC9}.Debug|x64.Build.0 = Debug|x64
		{9BE8C323-0848-4860-83A0-DFD9E83BDCC9}.Debug|x86.ActiveCfg = Debug|x86
		{9BE8C323-0848-4860-83A0-DFD9E83BDCC9}.Debug|x86.Build.0 = Debug|x86
		{9BE8C323-0848-4860-83A0-DFD9E83BDCC9}.Release|Any CPU.ActiveCfg = Release|Any CPU
		{9BE8C323-0848-4860-83A0-DFD9E83BDCC9}.Release|Any CPU.Build.0 = Release|Any CPU
		{9BE8C323-0848-4860-83A0-DFD9E83BDCC9}.Release|x64.ActiveCfg = Release|x64
		{9BE8C323-0848-4860-83A0-DFD9E83BDCC9}.Release|x64.Build.0 = Release|x64
		{9BE8C323-0848-4860-83A0-DFD9E83BDCC9}.Release|x86.ActiveCfg = Release|x86
		{9BE8C323-0848-4860-83A0-DFD9E83BDCC9}.Release|x86.Build.0 = Release|x86
		{639AFE4E-7A0B-405C-942A-23145C687742}.Debug|Any CPU.ActiveCfg = Debug|Any CPU
		{639AFE4E-7A0B-405C-942A-23145C687742}.Debug|Any CPU.Build.0 = Debug|Any CPU
		{639AFE4E-7A0B-405C-942A-23145C687742}.Debug|x64.ActiveCfg = Debug|x64
		{639AFE4E-7A0B-405C-942A-23145C687742}.Debug|x64.Build.0 = Debug|x64
		{639AFE4E-7A0B-405C-942A-23145C687742}.Debug|x86.ActiveCfg = Debug|x86
		{639AFE4E-7A0B-405C-942A-23145C687742}.Debug|x86.Build.0 = Debug|x86
		{639AFE4E-7A0B-405C-942A-23145C687742}.Release|Any CPU.ActiveCfg = Release|Any CPU
		{639AFE4E-7A0B-405C-942A-23145C687742}.Release|Any CPU.Build.0 = Release|Any CPU
		{639AFE4E-7A0B-405C-942A-23145C687742}.Release|x64.ActiveCfg = Release|x64
		{639AFE4E-7A0B-405C-942A-23145C687742}.Release|x64.Build.0 = Release|x64
		{639AFE4E-7A0B-405C-942A-23145C687742}.Release|x86.ActiveCfg = Release|x86
		{639AFE4E-7A0B-405C-942A-23145C687742}.Release|x86.Build.0 = Release|x86
		{6927F023-4440-41DD-BD15-F4BE5563E053}.Debug|Any CPU.ActiveCfg = Debug|Any CPU
		{6927F023-4440-41DD-BD15-F4BE5563E053}.Debug|Any CPU.Build.0 = Debug|Any CPU
		{6927F023-4440-41DD-BD15-F4BE5563E053}.Debug|x64.ActiveCfg = Debug|x64
		{6927F023-4440-41DD-BD15-F4BE5563E053}.Debug|x64.Build.0 = Debug|x64
		{6927F023-4440-41DD-BD15-F4BE5563E053}.Debug|x86.ActiveCfg = Debug|x86
		{6927F023-4440-41DD-BD15-F4BE5563E053}.Debug|x86.Build.0 = Debug|x86
		{6927F023-4440-41DD-BD15-F4BE5563E053}.Release|Any CPU.ActiveCfg = Release|Any CPU
		{6927F023-4440-41DD-BD15-F4BE5563E053}.Release|Any CPU.Build.0 = Release|Any CPU
		{6927F023-4440-41DD-BD15-F4BE5563E053}.Release|x64.ActiveCfg = Release|x64
		{6927F023-4440-41DD-BD15-F4BE5563E053}.Release|x64.Build.0 = Release|x64
		{6927F023-4440-41DD-BD15-F4BE5563E053}.Release|x86.ActiveCfg = Release|x86
		{6927F023-4440-41DD-BD15-F4BE5563E053}.Release|x86.Build.0 = Release|x86
		{22B13762-64BF-4486-A5D5-52A67F1D0404}.Debug|Any CPU.ActiveCfg = Debug|Any CPU
		{22B13762-64BF-4486-A5D5-52A67F1D0404}.Debug|Any CPU.Build.0 = Debug|Any CPU
		{22B13762-64BF-4486-A5D5-52A67F1D0404}.Debug|x64.ActiveCfg = Debug|x64
		{22B13762-64BF-4486-A5D5-52A67F1D0404}.Debug|x64.Build.0 = Debug|x64
		{22B13762-64BF-4486-A5D5-52A67F1D0404}.Debug|x86.ActiveCfg = Debug|x86
		{22B13762-64BF-4486-A5D5-52A67F1D0404}.Debug|x86.Build.0 = Debug|x86
		{22B13762-64BF-4486-A5D5-52A67F1D0404}.Release|Any CPU.ActiveCfg = Release|Any CPU
		{22B13762-64BF-4486-A5D5-52A67F1D0404}.Release|Any CPU.Build.0 = Release|Any CPU
		{22B13762-64BF-4486-A5D5-52A67F1D0404}.Release|x64.ActiveCfg = Release|x64
		{22B13762-64BF-4486-A5D5-52A67F1D0404}.Release|x64.Build.0 = Release|x64
		{22B13762-64BF-4486-A5D5-52A67F1D0404}.Release|x86.ActiveCfg = Release|x86
		{22B13762-64BF-4486-A5D5-52A67F1D0404}.Release|x86.Build.0 = Release|x86
		{F73E19F3-3C27-4CB4-859D-D6FC0E174472}.Debug|Any CPU.ActiveCfg = Debug|Any CPU
		{F73E19F3-3C27-4CB4-859D-D6FC0E174472}.Debug|Any CPU.Build.0 = Debug|Any CPU
		{F73E19F3-3C27-4CB4-859D-D6FC0E174472}.Debug|x64.ActiveCfg = Debug|x64
		{F73E19F3-3C27-4CB4-859D-D6FC0E174472}.Debug|x64.Build.0 = Debug|x64
		{F73E19F3-3C27-4CB4-859D-D6FC0E174472}.Debug|x86.ActiveCfg = Debug|x86
		{F73E19F3-3C27-4CB4-859D-D6FC0E174472}.Debug|x86.Build.0 = Debug|x86
		{F73E19F3-3C27-4CB4-859D-D6FC0E174472}.Release|Any CPU.ActiveCfg = Release|Any CPU
		{F73E19F3-3C27-4CB4-859D-D6FC0E174472}.Release|Any CPU.Build.0 = Release|Any CPU
		{F73E19F3-3C27-4CB4-859D-D6FC0E174472}.Release|x64.ActiveCfg = Release|x64
		{F73E19F3-3C27-4CB4-859D-D6FC0E174472}.Release|x64.Build.0 = Release|x64
		{F73E19F3-3C27-4CB4-859D-D6FC0E174472}.Release|x86.ActiveCfg = Release|x86
		{F73E19F3-3C27-4CB4-859D-D6FC0E174472}.Release|x86.Build.0 = Release|x86
	EndGlobalSection
	GlobalSection(NestedProjects) = preSolution
		{4D577B18-93C1-4808-A1FA-6764B232118F} = {0DAF723A-9AE0-44C7-A2E3-C54D860E4E38}
		{2C8A80EB-5754-46DC-9EEB-176DFE0ED218} = {5EBF7129-25ED-4D2B-8906-9A278BD0665F}
		{5F85E9F9-3798-4A7D-9694-7CEDE1FCDCF9} = {F06AB6F9-B27B-440F-B181-F69052362183}
		{4A2CBD32-90D3-4B06-87B1-3EEEF8ED50E1} = {285A0427-02FC-49A8-829D-0D4A5F94B528}
		{A0E5D8E1-5426-4533-B775-19F1168115EA} = {40FDF84D-035E-4660-8ABE-A2FEBC82FFE8}
		{9BE8C323-0848-4860-83A0-DFD9E83BDCC9} = {0953D6CE-657B-4CC9-BAD5-EBD7A4B242E0}
		{639AFE4E-7A0B-405C-942A-23145C687742} = {9F831D31-E196-4099-85D6-53CD6548B7B3}
		{6927F023-4440-41DD-BD15-F4BE5563E053} = {BC2DBC20-E5D1-4109-AD4F-06D3B2D54116}
		{22B13762-64BF-4486-A5D5-52A67F1D0404} = {95A8DD0D-F462-4AA2-B9C3-C051E3418012}
	EndGlobalSection
EndGlobal
