
Microsoft Visual Studio Solution File, Format Version 12.00
# Visual Studio 15
VisualStudioVersion = 15.0.26124.0
MinimumVisualStudioVersion = 15.0.26124.0
Project("{2150E333-8FDC-42A3-9474-1A3956D46DE8}") = "_1_1", "_1_1", "{0DAF723A-9AE0-44C7-A2E3-C54D860E4E38}"
EndProject
Project("{FAE04EC0-301F-11D3-BF4B-00C04F79EFBC}") = "IsUnique", "_1_1\IsUnique\IsUnique.csproj", "{4D577B18-93C1-4808-A1FA-6764B232118F}"
EndProject
Project("{2150E333-8FDC-42A3-9474-1A3956D46DE8}") = "_1_2", "_1_2", "{5EBF7129-25ED-4D2B-8906-9A278BD0665F}"
EndProject
Project("{FAE04EC0-301F-11D3-BF4B-00C04F79EFBC}") = "CheckPermutation", "_1_2\CheckPermutation\CheckPermutation.csproj", "{2C8A80EB-5754-46DC-9EEB-176DFE0ED218}"
EndProject
Project("{2150E333-8FDC-42A3-9474-1A3956D46DE8}") = "_1_3", "_1_3", "{F06AB6F9-B27B-440F-B181-F69052362183}"
EndProject
Project("{FAE04EC0-301F-11D3-BF4B-00C04F79EFBC}") = "Urlify", "_1_3\Urlify\Urlify.csproj", "{5F85E9F9-3798-4A7D-9694-7CEDE1FCDCF9}"
EndProject
Project("{2150E333-8FDC-42A3-9474-1A3956D46DE8}") = "_1_4", "_1_4", "{285A0427-02FC-49A8-829D-0D4A5F94B528}"
EndProject
Project("{FAE04EC0-301F-11D3-BF4B-00C04F79EFBC}") = "PalindromePermutation", "_1_4\PalindromePermutation\PalindromePermutation.csproj", "{4A2CBD32-90D3-4B06-87B1-3EEEF8ED50E1}"
EndProject
Project("{2150E333-8FDC-42A3-9474-1A3956D46DE8}") = "_1_5", "_1_5", "{40FDF84D-035E-4660-8ABE-A2FEBC82FFE8}"
EndProject
Project("{FAE04EC0-301F-11D3-BF4B-00C04F79EFBC}") = "OneAway", "_1_5\OneAway\OneAway.csproj", "{A0E5D8E1-5426-4533-B775-19F1168115EA}"
EndProject
Project("{2150E333-8FDC-42A3-9474-1A3956D46DE8}") = "_1_6", "_1_6", "{0953D6CE-657B-4CC9-BAD5-EBD7A4B242E0}"
EndProject
Project("{FAE04EC0-301F-11D3-BF4B-00C04F79EFBC}") = "StringCompression", "_1_6\StringCompression\StringCompression.csproj", "{9BE8C323-0848-4860-83A0-DFD9E83BDCC9}"
EndProject
Project("{2150E333-8FDC-42A3-9474-1A3956D46DE8}") = "_1_7", "_1_7", "{9F831D31-E196-4099-85D6-53CD6548B7B3}"
EndProject
Project("{FAE04EC0-301F-11D3-BF4B-00C04F79EFBC}") = "RotateMatrix", "_1_7\RotateMatrix\RotateMatrix.csproj", "{639AFE4E-7A0B-405C-942A-23145C687742}"
EndProject
Project("{2150E333-8FDC-42A3-9474-1A3956D46DE8}") = "_1_8", "_1_8", "{BC2DBC20-E5D1-4109-AD4F-06D3B2D54116}"
EndProject
Project("{FAE04EC0-301F-11D3-BF4B-00C04F79EFBC}") = "ZeroMatrix", "_1_8\ZeroMatrix\ZeroMatrix.csproj", "{6927F023-4440-41DD-BD15-F4BE5563E053}"
EndProject
Project("{FAE04EC0-301F-11D3-BF4B-00C04F79EFBC}") = "Utilities", "Utilities\Utilities.csproj", "{F73E19F3-3C27-4CB4-859D-D6FC0E174472}"
EndProject
Project("{2150E333-8FDC-42A3-9474-1A3956D46DE8}") = "_2_1", "_2_1", "{E9EFA391-5E84-4413-9691-6956DEED9206}"
EndProject
Project("{FAE04EC0-301F-11D3-BF4B-00C04F79EFBC}") = "RemoveDuplicates", "_2_1\RemoveDuplicates\RemoveDuplicates.csproj", "{3DBAA7C4-8FC2-4992-8A31-421CA1153352}"
EndProject
Project("{2150E333-8FDC-42A3-9474-1A3956D46DE8}") = "_2_2", "_2_2", "{1B58D14E-9112-47C1-85C4-DB951B216AC7}"
EndProject
Project("{FAE04EC0-301F-11D3-BF4B-00C04F79EFBC}") = "KthToTheLast", "_2_2\KthToTheLast\KthToTheLast.csproj", "{113A9FCE-94BA-46F7-AD2F-39B28CDD5981}"
EndProject
Project("{2150E333-8FDC-42A3-9474-1A3956D46DE8}") = "_2_3", "_2_3", "{E7A21F96-AA3D-41E9-A3C8-2E9B0FC494A2}"
EndProject
Project("{FAE04EC0-301F-11D3-BF4B-00C04F79EFBC}") = "DeleteMiddleNode", "_2_3\DeleteMiddleNode\DeleteMiddleNode.csproj", "{2823E28C-8A32-4D91-9D0D-D2F53A032AEF}"
EndProject
Project("{2150E333-8FDC-42A3-9474-1A3956D46DE8}") = "_2_4", "_2_4", "{E90029B4-CEC1-4F24-AB17-92B7B5A244D8}"
EndProject
Project("{FAE04EC0-301F-11D3-BF4B-00C04F79EFBC}") = "Partition", "_2_4\Partition\Partition.csproj", "{465690CC-E034-4AC1-90B2-3835EFA4927C}"
EndProject
Project("{2150E333-8FDC-42A3-9474-1A3956D46DE8}") = "_2_5", "_2_5", "{94BD3E03-6A7B-495D-A91F-C30B6333EFB6}"
EndProject
Project("{FAE04EC0-301F-11D3-BF4B-00C04F79EFBC}") = "SumLists", "_2_5\SumLists\SumLists.csproj", "{E3F4B2CC-84D3-4AC8-A0D9-044F607659D0}"
EndProject
Project("{2150E333-8FDC-42A3-9474-1A3956D46DE8}") = "_2_6", "_2_6", "{DD48D109-775F-43B5-95EE-6B7DD7F094F5}"
EndProject
Project("{FAE04EC0-301F-11D3-BF4B-00C04F79EFBC}") = "Palindrome", "_2_6\Palindrome\Palindrome.csproj", "{552C8CA2-D87A-4B54-9247-47EFDDA8D9D6}"
EndProject
Project("{2150E333-8FDC-42A3-9474-1A3956D46DE8}") = "_2_7", "_2_7", "{7EF59B5F-2667-4409-AF7F-596FE8951EA7}"
EndProject
Project("{FAE04EC0-301F-11D3-BF4B-00C04F79EFBC}") = "Intersection", "_2_7\Intersection\Intersection.csproj", "{68845E94-1ECE-451D-AFF9-3673250D3F2F}"
EndProject
Project("{2150E333-8FDC-42A3-9474-1A3956D46DE8}") = "_2_8", "_2_8", "{7834326B-E295-4874-B54E-FAE7E95C87FD}"
EndProject
Project("{FAE04EC0-301F-11D3-BF4B-00C04F79EFBC}") = "LoopDetection", "_2_8\LoopDetection\LoopDetection.csproj", "{D991CFB0-E024-4EF1-97BC-1D8B7A56C3EA}"
EndProject
Project("{2150E333-8FDC-42A3-9474-1A3956D46DE8}") = "_4_01", "_4_01", "{2D9B8CD0-2524-4EA4-955D-FDFDB57C77CA}"
EndProject
Project("{FAE04EC0-301F-11D3-BF4B-00C04F79EFBC}") = "RouteBetweenNodes", "_4_01\RouteBetweenNodes\RouteBetweenNodes.csproj", "{164421F0-F3BD-4E33-B1C8-80170865486B}"
EndProject
Project("{2150E333-8FDC-42A3-9474-1A3956D46DE8}") = "_4_02", "_4_02", "{B63F76E0-4919-4094-91DB-D9F55308D854}"
EndProject
Project("{FAE04EC0-301F-11D3-BF4B-00C04F79EFBC}") = "MinimalTree", "_4_02\MinimalTree\MinimalTree.csproj", "{9586DAB6-544D-4131-9DDF-E473D8209529}"
EndProject
Project("{2150E333-8FDC-42A3-9474-1A3956D46DE8}") = "_4_03", "_4_03", "{EA7CBD8A-0AE9-442D-A64B-4A8A31306273}"
EndProject
Project("{FAE04EC0-301F-11D3-BF4B-00C04F79EFBC}") = "ListOfDepths", "_4_03\ListOfDepths\ListOfDepths.csproj", "{26A7B9BD-CA64-4E21-85CC-B1D2EAED1443}"
EndProject
Project("{2150E333-8FDC-42A3-9474-1A3956D46DE8}") = "_4_04", "_4_04", "{2675CDF3-C404-4C87-92FD-96EC0A568023}"
EndProject
Project("{FAE04EC0-301F-11D3-BF4B-00C04F79EFBC}") = "CheckBalanced", "_4_04\CheckBalanced\CheckBalanced.csproj", "{7CCB0F27-2012-4C8D-8CCD-F358543D46DC}"
EndProject
Project("{2150E333-8FDC-42A3-9474-1A3956D46DE8}") = "_4_05", "_4_05", "{F6F3DF25-6DB4-47DA-8CA3-C3F19D15A7D1}"
EndProject
Project("{FAE04EC0-301F-11D3-BF4B-00C04F79EFBC}") = "ValidateBST", "_4_05\ValidateBST\ValidateBST.csproj", "{A5FC7652-8DCF-4A84-A0EE-E7FF4459D98B}"
EndProject
Project("{2150E333-8FDC-42A3-9474-1A3956D46DE8}") = "_4_06", "_4_06", "{33D64ADE-C203-4686-BDC8-0290666EEF38}"
EndProject
Project("{FAE04EC0-301F-11D3-BF4B-00C04F79EFBC}") = "Successor", "_4_06\Successor\Successor.csproj", "{4FCB679C-1194-4BFD-AD09-7EEB8CD0E6D5}"
EndProject
Project("{2150E333-8FDC-42A3-9474-1A3956D46DE8}") = "_4_07", "_4_07", "{ED081731-A0B7-4013-BBB6-E4093CE916FE}"
EndProject
Project("{FAE04EC0-301F-11D3-BF4B-00C04F79EFBC}") = "BuildOrder", "_4_07\BuildOrder\BuildOrder.csproj", "{C35391B5-5AA2-4052-B223-EC7E55BD8EA3}"
EndProject
Project("{2150E333-8FDC-42A3-9474-1A3956D46DE8}") = "_4_08", "_4_08", "{2243292A-DA3D-4EC3-8857-1DDFABE29769}"
EndProject
Project("{FAE04EC0-301F-11D3-BF4B-00C04F79EFBC}") = "FirstCommonAncestor", "_4_08\FirstCommonAncestor\FirstCommonAncestor.csproj", "{5BFD1943-5EFD-481F-8D20-3E522DE2364F}"
EndProject
Project("{2150E333-8FDC-42A3-9474-1A3956D46DE8}") = "_4_09", "_4_09", "{7B27C298-47F5-46C6-9DCD-AEC447A23D8C}"
EndProject
Project("{FAE04EC0-301F-11D3-BF4B-00C04F79EFBC}") = "BSTSequences", "_4_09\BSTSequences\BSTSequences.csproj", "{FADACEFF-4F05-4CF3-AA50-65130A917371}"
EndProject
Project("{2150E333-8FDC-42A3-9474-1A3956D46DE8}") = "_4_10", "_4_10", "{8049AC9F-4E9D-4FEB-956A-454F55A9D2F5}"
EndProject
Project("{FAE04EC0-301F-11D3-BF4B-00C04F79EFBC}") = "CheckSubtree", "_4_10\CheckSubtree\CheckSubtree.csproj", "{5755ECFD-3748-4B30-A6B5-C0BF7E6CBBBE}"
EndProject
Project("{2150E333-8FDC-42A3-9474-1A3956D46DE8}") = "_4_11", "_4_11", "{BD907FBC-819B-4866-B2D0-A5498635D233}"
EndProject
Project("{FAE04EC0-301F-11D3-BF4B-00C04F79EFBC}") = "RandomNode", "_4_11\RandomNode\RandomNode.csproj", "{3EE3D2FD-CBC4-477A-A339-5DF6895502B5}"
EndProject
Project("{2150E333-8FDC-42A3-9474-1A3956D46DE8}") = "_4_12", "_4_12", "{66F3B6EF-C943-4348-A1F7-C1C7B4756DF7}"
EndProject
Project("{FAE04EC0-301F-11D3-BF4B-00C04F79EFBC}") = "PathsWithSum", "_4_12\PathsWithSum\PathsWithSum.csproj", "{8EE27FDB-8E97-426D-8E0C-82463211387B}"
EndProject
Project("{2150E333-8FDC-42A3-9474-1A3956D46DE8}") = "_8_01", "_8_01", "{ABCF2CF4-8421-4341-9C4B-3BA514BFD0E5}"
EndProject
Project("{FAE04EC0-301F-11D3-BF4B-00C04F79EFBC}") = "TripleStep", "_8_01\TripleStep\TripleStep.csproj", "{8C9AE868-5045-4EC2-A9CD-5C93753FAC64}"
EndProject
Project("{2150E333-8FDC-42A3-9474-1A3956D46DE8}") = "_8_02", "_8_02", "{B42087F4-FB75-4F39-AF50-FF5952AF3E54}"
EndProject
Project("{FAE04EC0-301F-11D3-BF4B-00C04F79EFBC}") = "RobotInAGrid", "_8_02\RobotInAGrid\RobotInAGrid.csproj", "{724BBB44-E250-4F93-ABC2-FCC25F3EF374}"
EndProject
Project("{2150E333-8FDC-42A3-9474-1A3956D46DE8}") = "_8_03", "_8_03", "{D5D9F9F0-691E-4C8E-BCE2-0EF3720F69F8}"
EndProject
Project("{FAE04EC0-301F-11D3-BF4B-00C04F79EFBC}") = "MagicIndex", "_8_03\MagicIndex\MagicIndex.csproj", "{4788A97E-944B-4FF0-9581-EB1C26418A5B}"
EndProject
Project("{2150E333-8FDC-42A3-9474-1A3956D46DE8}") = "_8_04", "_8_04", "{03EB70EC-474B-4279-8F93-C3290FCEE8A2}"
EndProject
Project("{FAE04EC0-301F-11D3-BF4B-00C04F79EFBC}") = "PowerSet", "_8_04\PowerSet\PowerSet.csproj", "{EF633CE4-DD79-4557-921C-DC7F9553DD6B}"
EndProject
Project("{2150E333-8FDC-42A3-9474-1A3956D46DE8}") = "_8_05", "_8_05", "{145A8E8C-07FA-4999-8C5C-85995E20F7F8}"
EndProject
Project("{FAE04EC0-301F-11D3-BF4B-00C04F79EFBC}") = "RecursiveMultiply", "_8_05\RecursiveMultiply\RecursiveMultiply.csproj", "{D1B07C3B-0471-4429-BB91-B490888E3101}"
EndProject
Project("{2150E333-8FDC-42A3-9474-1A3956D46DE8}") = "_8_06", "_8_06", "{39E30753-C88B-45D8-854D-E92CF6B0122A}"
EndProject
Project("{FAE04EC0-301F-11D3-BF4B-00C04F79EFBC}") = "TowersOfHanoi", "_8_06\TowersOfHanoi\TowersOfHanoi.csproj", "{07C90457-7B9F-4035-B08C-95C3E6D6B839}"
EndProject
Project("{2150E333-8FDC-42A3-9474-1A3956D46DE8}") = "_8_07", "_8_07", "{9E6EA7B1-CCF7-4E4F-AD92-87634B618976}"
EndProject
Project("{FAE04EC0-301F-11D3-BF4B-00C04F79EFBC}") = "PermutationsWithoutDuplicates", "_8_07\PermutationsWithoutDuplicates\PermutationsWithoutDuplicates.csproj", "{85E0A17A-47FA-4EFF-87D9-61A971703619}"
EndProject
Project("{2150E333-8FDC-42A3-9474-1A3956D46DE8}") = "_8_08", "_8_08", "{1EB6B778-C445-437E-BAF7-462DC9725ED2}"
EndProject
Project("{FAE04EC0-301F-11D3-BF4B-00C04F79EFBC}") = "PermutationsWithDuplicates", "_8_08\PermutationsWithDuplicates\PermutationsWithDuplicates.csproj", "{026417BB-F8B4-4F16-ABC6-693B27CCA854}"
EndProject
Project("{2150E333-8FDC-42A3-9474-1A3956D46DE8}") = "_8_09", "_8_09", "{5FC501E5-5903-4698-A2B6-30243E74266E}"
EndProject
Project("{FAE04EC0-301F-11D3-BF4B-00C04F79EFBC}") = "Parenthesis", "_8_09\Parenthesis\Parenthesis.csproj", "{322AF755-447C-4F97-8559-89573DA4BD8E}"
EndProject
Project("{2150E333-8FDC-42A3-9474-1A3956D46DE8}") = "_8_11", "_8_11", "{D1D59E9C-6121-426D-A7E9-08570B07D82A}"
EndProject
Project("{FAE04EC0-301F-11D3-BF4B-00C04F79EFBC}") = "PaintFill", "_8_11\PaintFill\PaintFill.csproj", "{ECCB319B-E165-4A54-A1CE-82533C6D81A8}"
EndProject
Project("{2150E333-8FDC-42A3-9474-1A3956D46DE8}") = "_8_12", "_8_12", "{4AA35F0F-E6FE-4072-9740-A76637AAF8A8}"
EndProject
Project("{FAE04EC0-301F-11D3-BF4B-00C04F79EFBC}") = "Coins", "_8_12\Coins\Coins.csproj", "{056D1478-9B96-4E54-BE5E-A57D85114748}"
EndProject
Project("{2150E333-8FDC-42A3-9474-1A3956D46DE8}") = "_8_13", "_8_13", "{8342CD24-39B4-45D5-B69E-2ECABA3CB66C}"
EndProject
Project("{FAE04EC0-301F-11D3-BF4B-00C04F79EFBC}") = "EightQueens", "_8_13\EightQueens\EightQueens.csproj", "{009C12C3-29DA-430E-B953-7CB202265976}"
EndProject
Project("{2150E333-8FDC-42A3-9474-1A3956D46DE8}") = "_8_14", "_8_14", "{0BEA3028-B149-41BD-8B90-84D1F4443F7D}"
EndProject
Project("{FAE04EC0-301F-11D3-BF4B-00C04F79EFBC}") = "StackOfBoxes", "_8_14\StackOfBoxes\StackOfBoxes.csproj", "{4990C45A-9E96-4496-9113-85E9711BFA45}"
EndProject
Project("{2150E333-8FDC-42A3-9474-1A3956D46DE8}") = "_8_15", "_8_15", "{E7F55654-49D8-41D0-8B08-FF1374B0FF9E}"
EndProject
Project("{FAE04EC0-301F-11D3-BF4B-00C04F79EFBC}") = "BooleanEvaluation", "_8_15\BooleanEvaluation\BooleanEvaluation.csproj", "{A64721DE-D27B-4B14-BD8F-441ED54CBFA7}"
EndProject
Project("{2150E333-8FDC-42A3-9474-1A3956D46DE8}") = "_10_01", "_10_01", "{EAE37520-1C76-4938-9070-29635A7C2F66}"
EndProject
Project("{FAE04EC0-301F-11D3-BF4B-00C04F79EFBC}") = "SortedMerge", "_10_01\SortedMerge\SortedMerge.csproj", "{DB4A9C54-DAD3-4672-9DD0-695475A9B75D}"
EndProject
Project("{2150E333-8FDC-42A3-9474-1A3956D46DE8}") = "_10_02", "_10_02", "{3E901899-352C-48E2-B120-98FD567750BB}"
EndProject
Project("{FAE04EC0-301F-11D3-BF4B-00C04F79EFBC}") = "GroupAnagrams", "_10_02\GroupAnagrams\GroupAnagrams.csproj", "{FDE9ACDE-12EC-46CC-B062-B03081FF81AA}"
EndProject
Project("{2150E333-8FDC-42A3-9474-1A3956D46DE8}") = "_10_03", "_10_03", "{02D22A1F-2A00-4B21-A80F-2685E02FE49B}"
EndProject
Project("{FAE04EC0-301F-11D3-BF4B-00C04F79EFBC}") = "SearchInRotatedArray", "_10_03\SearchInRotatedArray\SearchInRotatedArray.csproj", "{90D28E01-4A3D-43B7-B7C1-A33B19A7CED8}"
EndProject
Project("{2150E333-8FDC-42A3-9474-1A3956D46DE8}") = "_10_04", "_10_04", "{598C60DA-6299-4CAC-ABF5-4A767915D90B}"
EndProject
Project("{FAE04EC0-301F-11D3-BF4B-00C04F79EFBC}") = "SortedSearchNoSize", "_10_04\SortedSearchNoSize\SortedSearchNoSize.csproj", "{77E679EA-8641-4D0D-AA9D-C3DE622B287E}"
EndProject
Project("{2150E333-8FDC-42A3-9474-1A3956D46DE8}") = "_10_05", "_10_05", "{26B875FD-F775-4555-94C8-517D2B42BDFC}"
EndProject
Project("{FAE04EC0-301F-11D3-BF4B-00C04F79EFBC}") = "SparseSearch", "_10_05\SparseSearch\SparseSearch.csproj", "{CA1B4EC4-F6FB-4F81-B35D-9E21ADA0397F}"
EndProject
Project("{2150E333-8FDC-42A3-9474-1A3956D46DE8}") = "_10_06", "_10_06", "{1A1F394C-D43D-478E-80AE-32054D66AF1A}"
EndProject
Project("{FAE04EC0-301F-11D3-BF4B-00C04F79EFBC}") = "SortBigFile", "_10_06\SortBigFile\SortBigFile.csproj", "{C9801A4F-CA8C-4051-BA68-C42F839F3EA6}"
EndProject
Project("{2150E333-8FDC-42A3-9474-1A3956D46DE8}") = "_10_07", "_10_07", "{627DAB70-A2B3-4EB4-BE27-C9DF4C9E6B55}"
EndProject
Project("{FAE04EC0-301F-11D3-BF4B-00C04F79EFBC}") = "MissingInt", "_10_07\MissingInt\MissingInt.csproj", "{87EE0DAA-D3FC-484C-973E-41DD2CE13149}"
EndProject
Project("{2150E333-8FDC-42A3-9474-1A3956D46DE8}") = "_10_08", "_10_08", "{04F22557-5542-4FA9-99BF-FFC9E50F8515}"
EndProject
Project("{FAE04EC0-301F-11D3-BF4B-00C04F79EFBC}") = "FindDuplicates", "_10_08\FindDuplicates\FindDuplicates.csproj", "{9D99EDC5-C27C-442B-A5AB-23402C20C1DF}"
EndProject
Project("{2150E333-8FDC-42A3-9474-1A3956D46DE8}") = "_10_09", "_10_09", "{A663F748-FB62-47DB-98D9-876C05272DF2}"
EndProject
Project("{FAE04EC0-301F-11D3-BF4B-00C04F79EFBC}") = "SortedMatrixSearch", "_10_09\SortedMatrixSearch\SortedMatrixSearch.csproj", "{353ABC35-9BCE-4D20-AF0F-3F2517E626A5}"
EndProject
Project("{2150E333-8FDC-42A3-9474-1A3956D46DE8}") = "_10_10", "_10_10", "{09E5A40B-CB53-4B3E-BA32-9FCB670E2021}"
EndProject
Project("{FAE04EC0-301F-11D3-BF4B-00C04F79EFBC}") = "RankFromStream", "_10_10\RankFromStream\RankFromStream.csproj", "{56AF16B5-6814-4C8B-8DD1-85B363B122EF}"
EndProject
Project("{2150E333-8FDC-42A3-9474-1A3956D46DE8}") = "_10_11", "_10_11", "{F06FD5DD-3202-48B8-A1EA-48751A07DB48}"
EndProject
Project("{FAE04EC0-301F-11D3-BF4B-00C04F79EFBC}") = "PeaksAndValleys", "_10_11\PeaksAndValleys\PeaksAndValleys.csproj", "{8C4CEDC6-6AB1-4904-A6A2-B8B5FCB81B85}"
EndProject
Project("{FAE04EC0-301F-11D3-BF4B-00C04F79EFBC}") = "Utilities.LinkedLists", "Utilities.LinkedLists\Utilities.LinkedLists.csproj", "{1B296BC4-BD04-436A-B318-188C66E8A192}"
EndProject
Global
	GlobalSection(SolutionConfigurationPlatforms) = preSolution
		Debug|Any CPU = Debug|Any CPU
		Debug|x64 = Debug|x64
		Debug|x86 = Debug|x86
		Release|Any CPU = Release|Any CPU
		Release|x64 = Release|x64
		Release|x86 = Release|x86
	EndGlobalSection
	GlobalSection(SolutionProperties) = preSolution
		HideSolutionNode = FALSE
	EndGlobalSection
	GlobalSection(ProjectConfigurationPlatforms) = postSolution
		{4D577B18-93C1-4808-A1FA-6764B232118F}.Debug|Any CPU.ActiveCfg = Debug|Any CPU
		{4D577B18-93C1-4808-A1FA-6764B232118F}.Debug|Any CPU.Build.0 = Debug|Any CPU
		{4D577B18-93C1-4808-A1FA-6764B232118F}.Debug|x64.ActiveCfg = Debug|x64
		{4D577B18-93C1-4808-A1FA-6764B232118F}.Debug|x64.Build.0 = Debug|x64
		{4D577B18-93C1-4808-A1FA-6764B232118F}.Debug|x86.ActiveCfg = Debug|x86
		{4D577B18-93C1-4808-A1FA-6764B232118F}.Debug|x86.Build.0 = Debug|x86
		{4D577B18-93C1-4808-A1FA-6764B232118F}.Release|Any CPU.ActiveCfg = Release|Any CPU
		{4D577B18-93C1-4808-A1FA-6764B232118F}.Release|Any CPU.Build.0 = Release|Any CPU
		{4D577B18-93C1-4808-A1FA-6764B232118F}.Release|x64.ActiveCfg = Release|x64
		{4D577B18-93C1-4808-A1FA-6764B232118F}.Release|x64.Build.0 = Release|x64
		{4D577B18-93C1-4808-A1FA-6764B232118F}.Release|x86.ActiveCfg = Release|x86
		{4D577B18-93C1-4808-A1FA-6764B232118F}.Release|x86.Build.0 = Release|x86
		{2C8A80EB-5754-46DC-9EEB-176DFE0ED218}.Debug|Any CPU.ActiveCfg = Debug|Any CPU
		{2C8A80EB-5754-46DC-9EEB-176DFE0ED218}.Debug|Any CPU.Build.0 = Debug|Any CPU
		{2C8A80EB-5754-46DC-9EEB-176DFE0ED218}.Debug|x64.ActiveCfg = Debug|x64
		{2C8A80EB-5754-46DC-9EEB-176DFE0ED218}.Debug|x64.Build.0 = Debug|x64
		{2C8A80EB-5754-46DC-9EEB-176DFE0ED218}.Debug|x86.ActiveCfg = Debug|x86
		{2C8A80EB-5754-46DC-9EEB-176DFE0ED218}.Debug|x86.Build.0 = Debug|x86
		{2C8A80EB-5754-46DC-9EEB-176DFE0ED218}.Release|Any CPU.ActiveCfg = Release|Any CPU
		{2C8A80EB-5754-46DC-9EEB-176DFE0ED218}.Release|Any CPU.Build.0 = Release|Any CPU
		{2C8A80EB-5754-46DC-9EEB-176DFE0ED218}.Release|x64.ActiveCfg = Release|x64
		{2C8A80EB-5754-46DC-9EEB-176DFE0ED218}.Release|x64.Build.0 = Release|x64
		{2C8A80EB-5754-46DC-9EEB-176DFE0ED218}.Release|x86.ActiveCfg = Release|x86
		{2C8A80EB-5754-46DC-9EEB-176DFE0ED218}.Release|x86.Build.0 = Release|x86
		{5F85E9F9-3798-4A7D-9694-7CEDE1FCDCF9}.Debug|Any CPU.ActiveCfg = Debug|Any CPU
		{5F85E9F9-3798-4A7D-9694-7CEDE1FCDCF9}.Debug|Any CPU.Build.0 = Debug|Any CPU
		{5F85E9F9-3798-4A7D-9694-7CEDE1FCDCF9}.Debug|x64.ActiveCfg = Debug|x64
		{5F85E9F9-3798-4A7D-9694-7CEDE1FCDCF9}.Debug|x64.Build.0 = Debug|x64
		{5F85E9F9-3798-4A7D-9694-7CEDE1FCDCF9}.Debug|x86.ActiveCfg = Debug|x86
		{5F85E9F9-3798-4A7D-9694-7CEDE1FCDCF9}.Debug|x86.Build.0 = Debug|x86
		{5F85E9F9-3798-4A7D-9694-7CEDE1FCDCF9}.Release|Any CPU.ActiveCfg = Release|Any CPU
		{5F85E9F9-3798-4A7D-9694-7CEDE1FCDCF9}.Release|Any CPU.Build.0 = Release|Any CPU
		{5F85E9F9-3798-4A7D-9694-7CEDE1FCDCF9}.Release|x64.ActiveCfg = Release|x64
		{5F85E9F9-3798-4A7D-9694-7CEDE1FCDCF9}.Release|x64.Build.0 = Release|x64
		{5F85E9F9-3798-4A7D-9694-7CEDE1FCDCF9}.Release|x86.ActiveCfg = Release|x86
		{5F85E9F9-3798-4A7D-9694-7CEDE1FCDCF9}.Release|x86.Build.0 = Release|x86
		{4A2CBD32-90D3-4B06-87B1-3EEEF8ED50E1}.Debug|Any CPU.ActiveCfg = Debug|Any CPU
		{4A2CBD32-90D3-4B06-87B1-3EEEF8ED50E1}.Debug|Any CPU.Build.0 = Debug|Any CPU
		{4A2CBD32-90D3-4B06-87B1-3EEEF8ED50E1}.Debug|x64.ActiveCfg = Debug|x64
		{4A2CBD32-90D3-4B06-87B1-3EEEF8ED50E1}.Debug|x64.Build.0 = Debug|x64
		{4A2CBD32-90D3-4B06-87B1-3EEEF8ED50E1}.Debug|x86.ActiveCfg = Debug|x86
		{4A2CBD32-90D3-4B06-87B1-3EEEF8ED50E1}.Debug|x86.Build.0 = Debug|x86
		{4A2CBD32-90D3-4B06-87B1-3EEEF8ED50E1}.Release|Any CPU.ActiveCfg = Release|Any CPU
		{4A2CBD32-90D3-4B06-87B1-3EEEF8ED50E1}.Release|Any CPU.Build.0 = Release|Any CPU
		{4A2CBD32-90D3-4B06-87B1-3EEEF8ED50E1}.Release|x64.ActiveCfg = Release|x64
		{4A2CBD32-90D3-4B06-87B1-3EEEF8ED50E1}.Release|x64.Build.0 = Release|x64
		{4A2CBD32-90D3-4B06-87B1-3EEEF8ED50E1}.Release|x86.ActiveCfg = Release|x86
		{4A2CBD32-90D3-4B06-87B1-3EEEF8ED50E1}.Release|x86.Build.0 = Release|x86
		{A0E5D8E1-5426-4533-B775-19F1168115EA}.Debug|Any CPU.ActiveCfg = Debug|Any CPU
		{A0E5D8E1-5426-4533-B775-19F1168115EA}.Debug|Any CPU.Build.0 = Debug|Any CPU
		{A0E5D8E1-5426-4533-B775-19F1168115EA}.Debug|x64.ActiveCfg = Debug|x64
		{A0E5D8E1-5426-4533-B775-19F1168115EA}.Debug|x64.Build.0 = Debug|x64
		{A0E5D8E1-5426-4533-B775-19F1168115EA}.Debug|x86.ActiveCfg = Debug|x86
		{A0E5D8E1-5426-4533-B775-19F1168115EA}.Debug|x86.Build.0 = Debug|x86
		{A0E5D8E1-5426-4533-B775-19F1168115EA}.Release|Any CPU.ActiveCfg = Release|Any CPU
		{A0E5D8E1-5426-4533-B775-19F1168115EA}.Release|Any CPU.Build.0 = Release|Any CPU
		{A0E5D8E1-5426-4533-B775-19F1168115EA}.Release|x64.ActiveCfg = Release|x64
		{A0E5D8E1-5426-4533-B775-19F1168115EA}.Release|x64.Build.0 = Release|x64
		{A0E5D8E1-5426-4533-B775-19F1168115EA}.Release|x86.ActiveCfg = Release|x86
		{A0E5D8E1-5426-4533-B775-19F1168115EA}.Release|x86.Build.0 = Release|x86
		{9BE8C323-0848-4860-83A0-DFD9E83BDCC9}.Debug|Any CPU.ActiveCfg = Debug|Any CPU
		{9BE8C323-0848-4860-83A0-DFD9E83BDCC9}.Debug|Any CPU.Build.0 = Debug|Any CPU
		{9BE8C323-0848-4860-83A0-DFD9E83BDCC9}.Debug|x64.ActiveCfg = Debug|x64
		{9BE8C323-0848-4860-83A0-DFD9E83BDCC9}.Debug|x64.Build.0 = Debug|x64
		{9BE8C323-0848-4860-83A0-DFD9E83BDCC9}.Debug|x86.ActiveCfg = Debug|x86
		{9BE8C323-0848-4860-83A0-DFD9E83BDCC9}.Debug|x86.Build.0 = Debug|x86
		{9BE8C323-0848-4860-83A0-DFD9E83BDCC9}.Release|Any CPU.ActiveCfg = Release|Any CPU
		{9BE8C323-0848-4860-83A0-DFD9E83BDCC9}.Release|Any CPU.Build.0 = Release|Any CPU
		{9BE8C323-0848-4860-83A0-DFD9E83BDCC9}.Release|x64.ActiveCfg = Release|x64
		{9BE8C323-0848-4860-83A0-DFD9E83BDCC9}.Release|x64.Build.0 = Release|x64
		{9BE8C323-0848-4860-83A0-DFD9E83BDCC9}.Release|x86.ActiveCfg = Release|x86
		{9BE8C323-0848-4860-83A0-DFD9E83BDCC9}.Release|x86.Build.0 = Release|x86
		{639AFE4E-7A0B-405C-942A-23145C687742}.Debug|Any CPU.ActiveCfg = Debug|Any CPU
		{639AFE4E-7A0B-405C-942A-23145C687742}.Debug|Any CPU.Build.0 = Debug|Any CPU
		{639AFE4E-7A0B-405C-942A-23145C687742}.Debug|x64.ActiveCfg = Debug|x64
		{639AFE4E-7A0B-405C-942A-23145C687742}.Debug|x64.Build.0 = Debug|x64
		{639AFE4E-7A0B-405C-942A-23145C687742}.Debug|x86.ActiveCfg = Debug|x86
		{639AFE4E-7A0B-405C-942A-23145C687742}.Debug|x86.Build.0 = Debug|x86
		{639AFE4E-7A0B-405C-942A-23145C687742}.Release|Any CPU.ActiveCfg = Release|Any CPU
		{639AFE4E-7A0B-405C-942A-23145C687742}.Release|Any CPU.Build.0 = Release|Any CPU
		{639AFE4E-7A0B-405C-942A-23145C687742}.Release|x64.ActiveCfg = Release|x64
		{639AFE4E-7A0B-405C-942A-23145C687742}.Release|x64.Build.0 = Release|x64
		{639AFE4E-7A0B-405C-942A-23145C687742}.Release|x86.ActiveCfg = Release|x86
		{639AFE4E-7A0B-405C-942A-23145C687742}.Release|x86.Build.0 = Release|x86
		{6927F023-4440-41DD-BD15-F4BE5563E053}.Debug|Any CPU.ActiveCfg = Debug|Any CPU
		{6927F023-4440-41DD-BD15-F4BE5563E053}.Debug|Any CPU.Build.0 = Debug|Any CPU
		{6927F023-4440-41DD-BD15-F4BE5563E053}.Debug|x64.ActiveCfg = Debug|x64
		{6927F023-4440-41DD-BD15-F4BE5563E053}.Debug|x64.Build.0 = Debug|x64
		{6927F023-4440-41DD-BD15-F4BE5563E053}.Debug|x86.ActiveCfg = Debug|x86
		{6927F023-4440-41DD-BD15-F4BE5563E053}.Debug|x86.Build.0 = Debug|x86
		{6927F023-4440-41DD-BD15-F4BE5563E053}.Release|Any CPU.ActiveCfg = Release|Any CPU
		{6927F023-4440-41DD-BD15-F4BE5563E053}.Release|Any CPU.Build.0 = Release|Any CPU
		{6927F023-4440-41DD-BD15-F4BE5563E053}.Release|x64.ActiveCfg = Release|x64
		{6927F023-4440-41DD-BD15-F4BE5563E053}.Release|x64.Build.0 = Release|x64
		{6927F023-4440-41DD-BD15-F4BE5563E053}.Release|x86.ActiveCfg = Release|x86
		{6927F023-4440-41DD-BD15-F4BE5563E053}.Release|x86.Build.0 = Release|x86
		{F73E19F3-3C27-4CB4-859D-D6FC0E174472}.Debug|Any CPU.ActiveCfg = Debug|Any CPU
		{F73E19F3-3C27-4CB4-859D-D6FC0E174472}.Debug|Any CPU.Build.0 = Debug|Any CPU
		{F73E19F3-3C27-4CB4-859D-D6FC0E174472}.Debug|x64.ActiveCfg = Debug|x64
		{F73E19F3-3C27-4CB4-859D-D6FC0E174472}.Debug|x64.Build.0 = Debug|x64
		{F73E19F3-3C27-4CB4-859D-D6FC0E174472}.Debug|x86.ActiveCfg = Debug|x86
		{F73E19F3-3C27-4CB4-859D-D6FC0E174472}.Debug|x86.Build.0 = Debug|x86
		{F73E19F3-3C27-4CB4-859D-D6FC0E174472}.Release|Any CPU.ActiveCfg = Release|Any CPU
		{F73E19F3-3C27-4CB4-859D-D6FC0E174472}.Release|Any CPU.Build.0 = Release|Any CPU
		{F73E19F3-3C27-4CB4-859D-D6FC0E174472}.Release|x64.ActiveCfg = Release|x64
		{F73E19F3-3C27-4CB4-859D-D6FC0E174472}.Release|x64.Build.0 = Release|x64
		{F73E19F3-3C27-4CB4-859D-D6FC0E174472}.Release|x86.ActiveCfg = Release|x86
		{F73E19F3-3C27-4CB4-859D-D6FC0E174472}.Release|x86.Build.0 = Release|x86
		{3DBAA7C4-8FC2-4992-8A31-421CA1153352}.Debug|Any CPU.ActiveCfg = Debug|Any CPU
		{3DBAA7C4-8FC2-4992-8A31-421CA1153352}.Debug|Any CPU.Build.0 = Debug|Any CPU
		{3DBAA7C4-8FC2-4992-8A31-421CA1153352}.Debug|x64.ActiveCfg = Debug|x64
		{3DBAA7C4-8FC2-4992-8A31-421CA1153352}.Debug|x64.Build.0 = Debug|x64
		{3DBAA7C4-8FC2-4992-8A31-421CA1153352}.Debug|x86.ActiveCfg = Debug|x86
		{3DBAA7C4-8FC2-4992-8A31-421CA1153352}.Debug|x86.Build.0 = Debug|x86
		{3DBAA7C4-8FC2-4992-8A31-421CA1153352}.Release|Any CPU.ActiveCfg = Release|Any CPU
		{3DBAA7C4-8FC2-4992-8A31-421CA1153352}.Release|Any CPU.Build.0 = Release|Any CPU
		{3DBAA7C4-8FC2-4992-8A31-421CA1153352}.Release|x64.ActiveCfg = Release|x64
		{3DBAA7C4-8FC2-4992-8A31-421CA1153352}.Release|x64.Build.0 = Release|x64
		{3DBAA7C4-8FC2-4992-8A31-421CA1153352}.Release|x86.ActiveCfg = Release|x86
		{3DBAA7C4-8FC2-4992-8A31-421CA1153352}.Release|x86.Build.0 = Release|x86
		{113A9FCE-94BA-46F7-AD2F-39B28CDD5981}.Debug|Any CPU.ActiveCfg = Debug|Any CPU
		{113A9FCE-94BA-46F7-AD2F-39B28CDD5981}.Debug|Any CPU.Build.0 = Debug|Any CPU
		{113A9FCE-94BA-46F7-AD2F-39B28CDD5981}.Debug|x64.ActiveCfg = Debug|x64
		{113A9FCE-94BA-46F7-AD2F-39B28CDD5981}.Debug|x64.Build.0 = Debug|x64
		{113A9FCE-94BA-46F7-AD2F-39B28CDD5981}.Debug|x86.ActiveCfg = Debug|x86
		{113A9FCE-94BA-46F7-AD2F-39B28CDD5981}.Debug|x86.Build.0 = Debug|x86
		{113A9FCE-94BA-46F7-AD2F-39B28CDD5981}.Release|Any CPU.ActiveCfg = Release|Any CPU
		{113A9FCE-94BA-46F7-AD2F-39B28CDD5981}.Release|Any CPU.Build.0 = Release|Any CPU
		{113A9FCE-94BA-46F7-AD2F-39B28CDD5981}.Release|x64.ActiveCfg = Release|x64
		{113A9FCE-94BA-46F7-AD2F-39B28CDD5981}.Release|x64.Build.0 = Release|x64
		{113A9FCE-94BA-46F7-AD2F-39B28CDD5981}.Release|x86.ActiveCfg = Release|x86
		{113A9FCE-94BA-46F7-AD2F-39B28CDD5981}.Release|x86.Build.0 = Release|x86
		{2823E28C-8A32-4D91-9D0D-D2F53A032AEF}.Debug|Any CPU.ActiveCfg = Debug|Any CPU
		{2823E28C-8A32-4D91-9D0D-D2F53A032AEF}.Debug|Any CPU.Build.0 = Debug|Any CPU
		{2823E28C-8A32-4D91-9D0D-D2F53A032AEF}.Debug|x64.ActiveCfg = Debug|x64
		{2823E28C-8A32-4D91-9D0D-D2F53A032AEF}.Debug|x64.Build.0 = Debug|x64
		{2823E28C-8A32-4D91-9D0D-D2F53A032AEF}.Debug|x86.ActiveCfg = Debug|x86
		{2823E28C-8A32-4D91-9D0D-D2F53A032AEF}.Debug|x86.Build.0 = Debug|x86
		{2823E28C-8A32-4D91-9D0D-D2F53A032AEF}.Release|Any CPU.ActiveCfg = Release|Any CPU
		{2823E28C-8A32-4D91-9D0D-D2F53A032AEF}.Release|Any CPU.Build.0 = Release|Any CPU
		{2823E28C-8A32-4D91-9D0D-D2F53A032AEF}.Release|x64.ActiveCfg = Release|x64
		{2823E28C-8A32-4D91-9D0D-D2F53A032AEF}.Release|x64.Build.0 = Release|x64
		{2823E28C-8A32-4D91-9D0D-D2F53A032AEF}.Release|x86.ActiveCfg = Release|x86
		{2823E28C-8A32-4D91-9D0D-D2F53A032AEF}.Release|x86.Build.0 = Release|x86
		{465690CC-E034-4AC1-90B2-3835EFA4927C}.Debug|Any CPU.ActiveCfg = Debug|Any CPU
		{465690CC-E034-4AC1-90B2-3835EFA4927C}.Debug|Any CPU.Build.0 = Debug|Any CPU
		{465690CC-E034-4AC1-90B2-3835EFA4927C}.Debug|x64.ActiveCfg = Debug|x64
		{465690CC-E034-4AC1-90B2-3835EFA4927C}.Debug|x64.Build.0 = Debug|x64
		{465690CC-E034-4AC1-90B2-3835EFA4927C}.Debug|x86.ActiveCfg = Debug|x86
		{465690CC-E034-4AC1-90B2-3835EFA4927C}.Debug|x86.Build.0 = Debug|x86
		{465690CC-E034-4AC1-90B2-3835EFA4927C}.Release|Any CPU.ActiveCfg = Release|Any CPU
		{465690CC-E034-4AC1-90B2-3835EFA4927C}.Release|Any CPU.Build.0 = Release|Any CPU
		{465690CC-E034-4AC1-90B2-3835EFA4927C}.Release|x64.ActiveCfg = Release|x64
		{465690CC-E034-4AC1-90B2-3835EFA4927C}.Release|x64.Build.0 = Release|x64
		{465690CC-E034-4AC1-90B2-3835EFA4927C}.Release|x86.ActiveCfg = Release|x86
		{465690CC-E034-4AC1-90B2-3835EFA4927C}.Release|x86.Build.0 = Release|x86
		{E3F4B2CC-84D3-4AC8-A0D9-044F607659D0}.Debug|Any CPU.ActiveCfg = Debug|Any CPU
		{E3F4B2CC-84D3-4AC8-A0D9-044F607659D0}.Debug|Any CPU.Build.0 = Debug|Any CPU
		{E3F4B2CC-84D3-4AC8-A0D9-044F607659D0}.Debug|x64.ActiveCfg = Debug|x64
		{E3F4B2CC-84D3-4AC8-A0D9-044F607659D0}.Debug|x64.Build.0 = Debug|x64
		{E3F4B2CC-84D3-4AC8-A0D9-044F607659D0}.Debug|x86.ActiveCfg = Debug|x86
		{E3F4B2CC-84D3-4AC8-A0D9-044F607659D0}.Debug|x86.Build.0 = Debug|x86
		{E3F4B2CC-84D3-4AC8-A0D9-044F607659D0}.Release|Any CPU.ActiveCfg = Release|Any CPU
		{E3F4B2CC-84D3-4AC8-A0D9-044F607659D0}.Release|Any CPU.Build.0 = Release|Any CPU
		{E3F4B2CC-84D3-4AC8-A0D9-044F607659D0}.Release|x64.ActiveCfg = Release|x64
		{E3F4B2CC-84D3-4AC8-A0D9-044F607659D0}.Release|x64.Build.0 = Release|x64
		{E3F4B2CC-84D3-4AC8-A0D9-044F607659D0}.Release|x86.ActiveCfg = Release|x86
		{E3F4B2CC-84D3-4AC8-A0D9-044F607659D0}.Release|x86.Build.0 = Release|x86
		{552C8CA2-D87A-4B54-9247-47EFDDA8D9D6}.Debug|Any CPU.ActiveCfg = Debug|Any CPU
		{552C8CA2-D87A-4B54-9247-47EFDDA8D9D6}.Debug|Any CPU.Build.0 = Debug|Any CPU
		{552C8CA2-D87A-4B54-9247-47EFDDA8D9D6}.Debug|x64.ActiveCfg = Debug|x64
		{552C8CA2-D87A-4B54-9247-47EFDDA8D9D6}.Debug|x64.Build.0 = Debug|x64
		{552C8CA2-D87A-4B54-9247-47EFDDA8D9D6}.Debug|x86.ActiveCfg = Debug|x86
		{552C8CA2-D87A-4B54-9247-47EFDDA8D9D6}.Debug|x86.Build.0 = Debug|x86
		{552C8CA2-D87A-4B54-9247-47EFDDA8D9D6}.Release|Any CPU.ActiveCfg = Release|Any CPU
		{552C8CA2-D87A-4B54-9247-47EFDDA8D9D6}.Release|Any CPU.Build.0 = Release|Any CPU
		{552C8CA2-D87A-4B54-9247-47EFDDA8D9D6}.Release|x64.ActiveCfg = Release|x64
		{552C8CA2-D87A-4B54-9247-47EFDDA8D9D6}.Release|x64.Build.0 = Release|x64
		{552C8CA2-D87A-4B54-9247-47EFDDA8D9D6}.Release|x86.ActiveCfg = Release|x86
		{552C8CA2-D87A-4B54-9247-47EFDDA8D9D6}.Release|x86.Build.0 = Release|x86
		{68845E94-1ECE-451D-AFF9-3673250D3F2F}.Debug|Any CPU.ActiveCfg = Debug|Any CPU
		{68845E94-1ECE-451D-AFF9-3673250D3F2F}.Debug|Any CPU.Build.0 = Debug|Any CPU
		{68845E94-1ECE-451D-AFF9-3673250D3F2F}.Debug|x64.ActiveCfg = Debug|x64
		{68845E94-1ECE-451D-AFF9-3673250D3F2F}.Debug|x64.Build.0 = Debug|x64
		{68845E94-1ECE-451D-AFF9-3673250D3F2F}.Debug|x86.ActiveCfg = Debug|x86
		{68845E94-1ECE-451D-AFF9-3673250D3F2F}.Debug|x86.Build.0 = Debug|x86
		{68845E94-1ECE-451D-AFF9-3673250D3F2F}.Release|Any CPU.ActiveCfg = Release|Any CPU
		{68845E94-1ECE-451D-AFF9-3673250D3F2F}.Release|Any CPU.Build.0 = Release|Any CPU
		{68845E94-1ECE-451D-AFF9-3673250D3F2F}.Release|x64.ActiveCfg = Release|x64
		{68845E94-1ECE-451D-AFF9-3673250D3F2F}.Release|x64.Build.0 = Release|x64
		{68845E94-1ECE-451D-AFF9-3673250D3F2F}.Release|x86.ActiveCfg = Release|x86
		{68845E94-1ECE-451D-AFF9-3673250D3F2F}.Release|x86.Build.0 = Release|x86
		{D991CFB0-E024-4EF1-97BC-1D8B7A56C3EA}.Debug|Any CPU.ActiveCfg = Debug|Any CPU
		{D991CFB0-E024-4EF1-97BC-1D8B7A56C3EA}.Debug|Any CPU.Build.0 = Debug|Any CPU
		{D991CFB0-E024-4EF1-97BC-1D8B7A56C3EA}.Debug|x64.ActiveCfg = Debug|x64
		{D991CFB0-E024-4EF1-97BC-1D8B7A56C3EA}.Debug|x64.Build.0 = Debug|x64
		{D991CFB0-E024-4EF1-97BC-1D8B7A56C3EA}.Debug|x86.ActiveCfg = Debug|x86
		{D991CFB0-E024-4EF1-97BC-1D8B7A56C3EA}.Debug|x86.Build.0 = Debug|x86
		{D991CFB0-E024-4EF1-97BC-1D8B7A56C3EA}.Release|Any CPU.ActiveCfg = Release|Any CPU
		{D991CFB0-E024-4EF1-97BC-1D8B7A56C3EA}.Release|Any CPU.Build.0 = Release|Any CPU
		{D991CFB0-E024-4EF1-97BC-1D8B7A56C3EA}.Release|x64.ActiveCfg = Release|x64
		{D991CFB0-E024-4EF1-97BC-1D8B7A56C3EA}.Release|x64.Build.0 = Release|x64
		{D991CFB0-E024-4EF1-97BC-1D8B7A56C3EA}.Release|x86.ActiveCfg = Release|x86
		{D991CFB0-E024-4EF1-97BC-1D8B7A56C3EA}.Release|x86.Build.0 = Release|x86
		{164421F0-F3BD-4E33-B1C8-80170865486B}.Debug|Any CPU.ActiveCfg = Debug|Any CPU
		{164421F0-F3BD-4E33-B1C8-80170865486B}.Debug|Any CPU.Build.0 = Debug|Any CPU
		{164421F0-F3BD-4E33-B1C8-80170865486B}.Debug|x64.ActiveCfg = Debug|x64
		{164421F0-F3BD-4E33-B1C8-80170865486B}.Debug|x64.Build.0 = Debug|x64
		{164421F0-F3BD-4E33-B1C8-80170865486B}.Debug|x86.ActiveCfg = Debug|x86
		{164421F0-F3BD-4E33-B1C8-80170865486B}.Debug|x86.Build.0 = Debug|x86
		{164421F0-F3BD-4E33-B1C8-80170865486B}.Release|Any CPU.ActiveCfg = Release|Any CPU
		{164421F0-F3BD-4E33-B1C8-80170865486B}.Release|Any CPU.Build.0 = Release|Any CPU
		{164421F0-F3BD-4E33-B1C8-80170865486B}.Release|x64.ActiveCfg = Release|x64
		{164421F0-F3BD-4E33-B1C8-80170865486B}.Release|x64.Build.0 = Release|x64
		{164421F0-F3BD-4E33-B1C8-80170865486B}.Release|x86.ActiveCfg = Release|x86
		{164421F0-F3BD-4E33-B1C8-80170865486B}.Release|x86.Build.0 = Release|x86
		{9586DAB6-544D-4131-9DDF-E473D8209529}.Debug|Any CPU.ActiveCfg = Debug|Any CPU
		{9586DAB6-544D-4131-9DDF-E473D8209529}.Debug|Any CPU.Build.0 = Debug|Any CPU
		{9586DAB6-544D-4131-9DDF-E473D8209529}.Debug|x64.ActiveCfg = Debug|x64
		{9586DAB6-544D-4131-9DDF-E473D8209529}.Debug|x64.Build.0 = Debug|x64
		{9586DAB6-544D-4131-9DDF-E473D8209529}.Debug|x86.ActiveCfg = Debug|x86
		{9586DAB6-544D-4131-9DDF-E473D8209529}.Debug|x86.Build.0 = Debug|x86
		{9586DAB6-544D-4131-9DDF-E473D8209529}.Release|Any CPU.ActiveCfg = Release|Any CPU
		{9586DAB6-544D-4131-9DDF-E473D8209529}.Release|Any CPU.Build.0 = Release|Any CPU
		{9586DAB6-544D-4131-9DDF-E473D8209529}.Release|x64.ActiveCfg = Release|x64
		{9586DAB6-544D-4131-9DDF-E473D8209529}.Release|x64.Build.0 = Release|x64
		{9586DAB6-544D-4131-9DDF-E473D8209529}.Release|x86.ActiveCfg = Release|x86
		{9586DAB6-544D-4131-9DDF-E473D8209529}.Release|x86.Build.0 = Release|x86
		{26A7B9BD-CA64-4E21-85CC-B1D2EAED1443}.Debug|Any CPU.ActiveCfg = Debug|Any CPU
		{26A7B9BD-CA64-4E21-85CC-B1D2EAED1443}.Debug|Any CPU.Build.0 = Debug|Any CPU
		{26A7B9BD-CA64-4E21-85CC-B1D2EAED1443}.Debug|x64.ActiveCfg = Debug|x64
		{26A7B9BD-CA64-4E21-85CC-B1D2EAED1443}.Debug|x64.Build.0 = Debug|x64
		{26A7B9BD-CA64-4E21-85CC-B1D2EAED1443}.Debug|x86.ActiveCfg = Debug|x86
		{26A7B9BD-CA64-4E21-85CC-B1D2EAED1443}.Debug|x86.Build.0 = Debug|x86
		{26A7B9BD-CA64-4E21-85CC-B1D2EAED1443}.Release|Any CPU.ActiveCfg = Release|Any CPU
		{26A7B9BD-CA64-4E21-85CC-B1D2EAED1443}.Release|Any CPU.Build.0 = Release|Any CPU
		{26A7B9BD-CA64-4E21-85CC-B1D2EAED1443}.Release|x64.ActiveCfg = Release|x64
		{26A7B9BD-CA64-4E21-85CC-B1D2EAED1443}.Release|x64.Build.0 = Release|x64
		{26A7B9BD-CA64-4E21-85CC-B1D2EAED1443}.Release|x86.ActiveCfg = Release|x86
		{26A7B9BD-CA64-4E21-85CC-B1D2EAED1443}.Release|x86.Build.0 = Release|x86
		{7CCB0F27-2012-4C8D-8CCD-F358543D46DC}.Debug|Any CPU.ActiveCfg = Debug|Any CPU
		{7CCB0F27-2012-4C8D-8CCD-F358543D46DC}.Debug|Any CPU.Build.0 = Debug|Any CPU
		{7CCB0F27-2012-4C8D-8CCD-F358543D46DC}.Debug|x64.ActiveCfg = Debug|x64
		{7CCB0F27-2012-4C8D-8CCD-F358543D46DC}.Debug|x64.Build.0 = Debug|x64
		{7CCB0F27-2012-4C8D-8CCD-F358543D46DC}.Debug|x86.ActiveCfg = Debug|x86
		{7CCB0F27-2012-4C8D-8CCD-F358543D46DC}.Debug|x86.Build.0 = Debug|x86
		{7CCB0F27-2012-4C8D-8CCD-F358543D46DC}.Release|Any CPU.ActiveCfg = Release|Any CPU
		{7CCB0F27-2012-4C8D-8CCD-F358543D46DC}.Release|Any CPU.Build.0 = Release|Any CPU
		{7CCB0F27-2012-4C8D-8CCD-F358543D46DC}.Release|x64.ActiveCfg = Release|x64
		{7CCB0F27-2012-4C8D-8CCD-F358543D46DC}.Release|x64.Build.0 = Release|x64
		{7CCB0F27-2012-4C8D-8CCD-F358543D46DC}.Release|x86.ActiveCfg = Release|x86
		{7CCB0F27-2012-4C8D-8CCD-F358543D46DC}.Release|x86.Build.0 = Release|x86
		{A5FC7652-8DCF-4A84-A0EE-E7FF4459D98B}.Debug|Any CPU.ActiveCfg = Debug|Any CPU
		{A5FC7652-8DCF-4A84-A0EE-E7FF4459D98B}.Debug|Any CPU.Build.0 = Debug|Any CPU
		{A5FC7652-8DCF-4A84-A0EE-E7FF4459D98B}.Debug|x64.ActiveCfg = Debug|x64
		{A5FC7652-8DCF-4A84-A0EE-E7FF4459D98B}.Debug|x64.Build.0 = Debug|x64
		{A5FC7652-8DCF-4A84-A0EE-E7FF4459D98B}.Debug|x86.ActiveCfg = Debug|x86
		{A5FC7652-8DCF-4A84-A0EE-E7FF4459D98B}.Debug|x86.Build.0 = Debug|x86
		{A5FC7652-8DCF-4A84-A0EE-E7FF4459D98B}.Release|Any CPU.ActiveCfg = Release|Any CPU
		{A5FC7652-8DCF-4A84-A0EE-E7FF4459D98B}.Release|Any CPU.Build.0 = Release|Any CPU
		{A5FC7652-8DCF-4A84-A0EE-E7FF4459D98B}.Release|x64.ActiveCfg = Release|x64
		{A5FC7652-8DCF-4A84-A0EE-E7FF4459D98B}.Release|x64.Build.0 = Release|x64
		{A5FC7652-8DCF-4A84-A0EE-E7FF4459D98B}.Release|x86.ActiveCfg = Release|x86
		{A5FC7652-8DCF-4A84-A0EE-E7FF4459D98B}.Release|x86.Build.0 = Release|x86
		{4FCB679C-1194-4BFD-AD09-7EEB8CD0E6D5}.Debug|Any CPU.ActiveCfg = Debug|Any CPU
		{4FCB679C-1194-4BFD-AD09-7EEB8CD0E6D5}.Debug|Any CPU.Build.0 = Debug|Any CPU
		{4FCB679C-1194-4BFD-AD09-7EEB8CD0E6D5}.Debug|x64.ActiveCfg = Debug|x64
		{4FCB679C-1194-4BFD-AD09-7EEB8CD0E6D5}.Debug|x64.Build.0 = Debug|x64
		{4FCB679C-1194-4BFD-AD09-7EEB8CD0E6D5}.Debug|x86.ActiveCfg = Debug|x86
		{4FCB679C-1194-4BFD-AD09-7EEB8CD0E6D5}.Debug|x86.Build.0 = Debug|x86
		{4FCB679C-1194-4BFD-AD09-7EEB8CD0E6D5}.Release|Any CPU.ActiveCfg = Release|Any CPU
		{4FCB679C-1194-4BFD-AD09-7EEB8CD0E6D5}.Release|Any CPU.Build.0 = Release|Any CPU
		{4FCB679C-1194-4BFD-AD09-7EEB8CD0E6D5}.Release|x64.ActiveCfg = Release|x64
		{4FCB679C-1194-4BFD-AD09-7EEB8CD0E6D5}.Release|x64.Build.0 = Release|x64
		{4FCB679C-1194-4BFD-AD09-7EEB8CD0E6D5}.Release|x86.ActiveCfg = Release|x86
		{4FCB679C-1194-4BFD-AD09-7EEB8CD0E6D5}.Release|x86.Build.0 = Release|x86
		{C35391B5-5AA2-4052-B223-EC7E55BD8EA3}.Debug|Any CPU.ActiveCfg = Debug|Any CPU
		{C35391B5-5AA2-4052-B223-EC7E55BD8EA3}.Debug|Any CPU.Build.0 = Debug|Any CPU
		{C35391B5-5AA2-4052-B223-EC7E55BD8EA3}.Debug|x64.ActiveCfg = Debug|x64
		{C35391B5-5AA2-4052-B223-EC7E55BD8EA3}.Debug|x64.Build.0 = Debug|x64
		{C35391B5-5AA2-4052-B223-EC7E55BD8EA3}.Debug|x86.ActiveCfg = Debug|x86
		{C35391B5-5AA2-4052-B223-EC7E55BD8EA3}.Debug|x86.Build.0 = Debug|x86
		{C35391B5-5AA2-4052-B223-EC7E55BD8EA3}.Release|Any CPU.ActiveCfg = Release|Any CPU
		{C35391B5-5AA2-4052-B223-EC7E55BD8EA3}.Release|Any CPU.Build.0 = Release|Any CPU
		{C35391B5-5AA2-4052-B223-EC7E55BD8EA3}.Release|x64.ActiveCfg = Release|x64
		{C35391B5-5AA2-4052-B223-EC7E55BD8EA3}.Release|x64.Build.0 = Release|x64
		{C35391B5-5AA2-4052-B223-EC7E55BD8EA3}.Release|x86.ActiveCfg = Release|x86
		{C35391B5-5AA2-4052-B223-EC7E55BD8EA3}.Release|x86.Build.0 = Release|x86
		{5BFD1943-5EFD-481F-8D20-3E522DE2364F}.Debug|Any CPU.ActiveCfg = Debug|Any CPU
		{5BFD1943-5EFD-481F-8D20-3E522DE2364F}.Debug|Any CPU.Build.0 = Debug|Any CPU
		{5BFD1943-5EFD-481F-8D20-3E522DE2364F}.Debug|x64.ActiveCfg = Debug|x64
		{5BFD1943-5EFD-481F-8D20-3E522DE2364F}.Debug|x64.Build.0 = Debug|x64
		{5BFD1943-5EFD-481F-8D20-3E522DE2364F}.Debug|x86.ActiveCfg = Debug|x86
		{5BFD1943-5EFD-481F-8D20-3E522DE2364F}.Debug|x86.Build.0 = Debug|x86
		{5BFD1943-5EFD-481F-8D20-3E522DE2364F}.Release|Any CPU.ActiveCfg = Release|Any CPU
		{5BFD1943-5EFD-481F-8D20-3E522DE2364F}.Release|Any CPU.Build.0 = Release|Any CPU
		{5BFD1943-5EFD-481F-8D20-3E522DE2364F}.Release|x64.ActiveCfg = Release|x64
		{5BFD1943-5EFD-481F-8D20-3E522DE2364F}.Release|x64.Build.0 = Release|x64
		{5BFD1943-5EFD-481F-8D20-3E522DE2364F}.Release|x86.ActiveCfg = Release|x86
		{5BFD1943-5EFD-481F-8D20-3E522DE2364F}.Release|x86.Build.0 = Release|x86
		{FADACEFF-4F05-4CF3-AA50-65130A917371}.Debug|Any CPU.ActiveCfg = Debug|Any CPU
		{FADACEFF-4F05-4CF3-AA50-65130A917371}.Debug|Any CPU.Build.0 = Debug|Any CPU
		{FADACEFF-4F05-4CF3-AA50-65130A917371}.Debug|x64.ActiveCfg = Debug|x64
		{FADACEFF-4F05-4CF3-AA50-65130A917371}.Debug|x64.Build.0 = Debug|x64
		{FADACEFF-4F05-4CF3-AA50-65130A917371}.Debug|x86.ActiveCfg = Debug|x86
		{FADACEFF-4F05-4CF3-AA50-65130A917371}.Debug|x86.Build.0 = Debug|x86
		{FADACEFF-4F05-4CF3-AA50-65130A917371}.Release|Any CPU.ActiveCfg = Release|Any CPU
		{FADACEFF-4F05-4CF3-AA50-65130A917371}.Release|Any CPU.Build.0 = Release|Any CPU
		{FADACEFF-4F05-4CF3-AA50-65130A917371}.Release|x64.ActiveCfg = Release|x64
		{FADACEFF-4F05-4CF3-AA50-65130A917371}.Release|x64.Build.0 = Release|x64
		{FADACEFF-4F05-4CF3-AA50-65130A917371}.Release|x86.ActiveCfg = Release|x86
		{FADACEFF-4F05-4CF3-AA50-65130A917371}.Release|x86.Build.0 = Release|x86
		{5755ECFD-3748-4B30-A6B5-C0BF7E6CBBBE}.Debug|Any CPU.ActiveCfg = Debug|Any CPU
		{5755ECFD-3748-4B30-A6B5-C0BF7E6CBBBE}.Debug|Any CPU.Build.0 = Debug|Any CPU
		{5755ECFD-3748-4B30-A6B5-C0BF7E6CBBBE}.Debug|x64.ActiveCfg = Debug|x64
		{5755ECFD-3748-4B30-A6B5-C0BF7E6CBBBE}.Debug|x64.Build.0 = Debug|x64
		{5755ECFD-3748-4B30-A6B5-C0BF7E6CBBBE}.Debug|x86.ActiveCfg = Debug|x86
		{5755ECFD-3748-4B30-A6B5-C0BF7E6CBBBE}.Debug|x86.Build.0 = Debug|x86
		{5755ECFD-3748-4B30-A6B5-C0BF7E6CBBBE}.Release|Any CPU.ActiveCfg = Release|Any CPU
		{5755ECFD-3748-4B30-A6B5-C0BF7E6CBBBE}.Release|Any CPU.Build.0 = Release|Any CPU
		{5755ECFD-3748-4B30-A6B5-C0BF7E6CBBBE}.Release|x64.ActiveCfg = Release|x64
		{5755ECFD-3748-4B30-A6B5-C0BF7E6CBBBE}.Release|x64.Build.0 = Release|x64
		{5755ECFD-3748-4B30-A6B5-C0BF7E6CBBBE}.Release|x86.ActiveCfg = Release|x86
		{5755ECFD-3748-4B30-A6B5-C0BF7E6CBBBE}.Release|x86.Build.0 = Release|x86
		{3EE3D2FD-CBC4-477A-A339-5DF6895502B5}.Debug|Any CPU.ActiveCfg = Debug|Any CPU
		{3EE3D2FD-CBC4-477A-A339-5DF6895502B5}.Debug|Any CPU.Build.0 = Debug|Any CPU
		{3EE3D2FD-CBC4-477A-A339-5DF6895502B5}.Debug|x64.ActiveCfg = Debug|x64
		{3EE3D2FD-CBC4-477A-A339-5DF6895502B5}.Debug|x64.Build.0 = Debug|x64
		{3EE3D2FD-CBC4-477A-A339-5DF6895502B5}.Debug|x86.ActiveCfg = Debug|x86
		{3EE3D2FD-CBC4-477A-A339-5DF6895502B5}.Debug|x86.Build.0 = Debug|x86
		{3EE3D2FD-CBC4-477A-A339-5DF6895502B5}.Release|Any CPU.ActiveCfg = Release|Any CPU
		{3EE3D2FD-CBC4-477A-A339-5DF6895502B5}.Release|Any CPU.Build.0 = Release|Any CPU
		{3EE3D2FD-CBC4-477A-A339-5DF6895502B5}.Release|x64.ActiveCfg = Release|x64
		{3EE3D2FD-CBC4-477A-A339-5DF6895502B5}.Release|x64.Build.0 = Release|x64
		{3EE3D2FD-CBC4-477A-A339-5DF6895502B5}.Release|x86.ActiveCfg = Release|x86
		{3EE3D2FD-CBC4-477A-A339-5DF6895502B5}.Release|x86.Build.0 = Release|x86
		{8EE27FDB-8E97-426D-8E0C-82463211387B}.Debug|Any CPU.ActiveCfg = Debug|Any CPU
		{8EE27FDB-8E97-426D-8E0C-82463211387B}.Debug|Any CPU.Build.0 = Debug|Any CPU
		{8EE27FDB-8E97-426D-8E0C-82463211387B}.Debug|x64.ActiveCfg = Debug|x64
		{8EE27FDB-8E97-426D-8E0C-82463211387B}.Debug|x64.Build.0 = Debug|x64
		{8EE27FDB-8E97-426D-8E0C-82463211387B}.Debug|x86.ActiveCfg = Debug|x86
		{8EE27FDB-8E97-426D-8E0C-82463211387B}.Debug|x86.Build.0 = Debug|x86
		{8EE27FDB-8E97-426D-8E0C-82463211387B}.Release|Any CPU.ActiveCfg = Release|Any CPU
		{8EE27FDB-8E97-426D-8E0C-82463211387B}.Release|Any CPU.Build.0 = Release|Any CPU
		{8EE27FDB-8E97-426D-8E0C-82463211387B}.Release|x64.ActiveCfg = Release|x64
		{8EE27FDB-8E97-426D-8E0C-82463211387B}.Release|x64.Build.0 = Release|x64
		{8EE27FDB-8E97-426D-8E0C-82463211387B}.Release|x86.ActiveCfg = Release|x86
		{8EE27FDB-8E97-426D-8E0C-82463211387B}.Release|x86.Build.0 = Release|x86
		{8C9AE868-5045-4EC2-A9CD-5C93753FAC64}.Debug|Any CPU.ActiveCfg = Debug|Any CPU
		{8C9AE868-5045-4EC2-A9CD-5C93753FAC64}.Debug|Any CPU.Build.0 = Debug|Any CPU
		{8C9AE868-5045-4EC2-A9CD-5C93753FAC64}.Debug|x64.ActiveCfg = Debug|x64
		{8C9AE868-5045-4EC2-A9CD-5C93753FAC64}.Debug|x64.Build.0 = Debug|x64
		{8C9AE868-5045-4EC2-A9CD-5C93753FAC64}.Debug|x86.ActiveCfg = Debug|x86
		{8C9AE868-5045-4EC2-A9CD-5C93753FAC64}.Debug|x86.Build.0 = Debug|x86
		{8C9AE868-5045-4EC2-A9CD-5C93753FAC64}.Release|Any CPU.ActiveCfg = Release|Any CPU
		{8C9AE868-5045-4EC2-A9CD-5C93753FAC64}.Release|Any CPU.Build.0 = Release|Any CPU
		{8C9AE868-5045-4EC2-A9CD-5C93753FAC64}.Release|x64.ActiveCfg = Release|x64
		{8C9AE868-5045-4EC2-A9CD-5C93753FAC64}.Release|x64.Build.0 = Release|x64
		{8C9AE868-5045-4EC2-A9CD-5C93753FAC64}.Release|x86.ActiveCfg = Release|x86
		{8C9AE868-5045-4EC2-A9CD-5C93753FAC64}.Release|x86.Build.0 = Release|x86
		{724BBB44-E250-4F93-ABC2-FCC25F3EF374}.Debug|Any CPU.ActiveCfg = Debug|Any CPU
		{724BBB44-E250-4F93-ABC2-FCC25F3EF374}.Debug|Any CPU.Build.0 = Debug|Any CPU
		{724BBB44-E250-4F93-ABC2-FCC25F3EF374}.Debug|x64.ActiveCfg = Debug|x64
		{724BBB44-E250-4F93-ABC2-FCC25F3EF374}.Debug|x64.Build.0 = Debug|x64
		{724BBB44-E250-4F93-ABC2-FCC25F3EF374}.Debug|x86.ActiveCfg = Debug|x86
		{724BBB44-E250-4F93-ABC2-FCC25F3EF374}.Debug|x86.Build.0 = Debug|x86
		{724BBB44-E250-4F93-ABC2-FCC25F3EF374}.Release|Any CPU.ActiveCfg = Release|Any CPU
		{724BBB44-E250-4F93-ABC2-FCC25F3EF374}.Release|Any CPU.Build.0 = Release|Any CPU
		{724BBB44-E250-4F93-ABC2-FCC25F3EF374}.Release|x64.ActiveCfg = Release|x64
		{724BBB44-E250-4F93-ABC2-FCC25F3EF374}.Release|x64.Build.0 = Release|x64
		{724BBB44-E250-4F93-ABC2-FCC25F3EF374}.Release|x86.ActiveCfg = Release|x86
		{724BBB44-E250-4F93-ABC2-FCC25F3EF374}.Release|x86.Build.0 = Release|x86
		{4788A97E-944B-4FF0-9581-EB1C26418A5B}.Debug|Any CPU.ActiveCfg = Debug|Any CPU
		{4788A97E-944B-4FF0-9581-EB1C26418A5B}.Debug|Any CPU.Build.0 = Debug|Any CPU
		{4788A97E-944B-4FF0-9581-EB1C26418A5B}.Debug|x64.ActiveCfg = Debug|x64
		{4788A97E-944B-4FF0-9581-EB1C26418A5B}.Debug|x64.Build.0 = Debug|x64
		{4788A97E-944B-4FF0-9581-EB1C26418A5B}.Debug|x86.ActiveCfg = Debug|x86
		{4788A97E-944B-4FF0-9581-EB1C26418A5B}.Debug|x86.Build.0 = Debug|x86
		{4788A97E-944B-4FF0-9581-EB1C26418A5B}.Release|Any CPU.ActiveCfg = Release|Any CPU
		{4788A97E-944B-4FF0-9581-EB1C26418A5B}.Release|Any CPU.Build.0 = Release|Any CPU
		{4788A97E-944B-4FF0-9581-EB1C26418A5B}.Release|x64.ActiveCfg = Release|x64
		{4788A97E-944B-4FF0-9581-EB1C26418A5B}.Release|x64.Build.0 = Release|x64
		{4788A97E-944B-4FF0-9581-EB1C26418A5B}.Release|x86.ActiveCfg = Release|x86
		{4788A97E-944B-4FF0-9581-EB1C26418A5B}.Release|x86.Build.0 = Release|x86
		{EF633CE4-DD79-4557-921C-DC7F9553DD6B}.Debug|Any CPU.ActiveCfg = Debug|Any CPU
		{EF633CE4-DD79-4557-921C-DC7F9553DD6B}.Debug|Any CPU.Build.0 = Debug|Any CPU
		{EF633CE4-DD79-4557-921C-DC7F9553DD6B}.Debug|x64.ActiveCfg = Debug|x64
		{EF633CE4-DD79-4557-921C-DC7F9553DD6B}.Debug|x64.Build.0 = Debug|x64
		{EF633CE4-DD79-4557-921C-DC7F9553DD6B}.Debug|x86.ActiveCfg = Debug|x86
		{EF633CE4-DD79-4557-921C-DC7F9553DD6B}.Debug|x86.Build.0 = Debug|x86
		{EF633CE4-DD79-4557-921C-DC7F9553DD6B}.Release|Any CPU.ActiveCfg = Release|Any CPU
		{EF633CE4-DD79-4557-921C-DC7F9553DD6B}.Release|Any CPU.Build.0 = Release|Any CPU
		{EF633CE4-DD79-4557-921C-DC7F9553DD6B}.Release|x64.ActiveCfg = Release|x64
		{EF633CE4-DD79-4557-921C-DC7F9553DD6B}.Release|x64.Build.0 = Release|x64
		{EF633CE4-DD79-4557-921C-DC7F9553DD6B}.Release|x86.ActiveCfg = Release|x86
		{EF633CE4-DD79-4557-921C-DC7F9553DD6B}.Release|x86.Build.0 = Release|x86
		{D1B07C3B-0471-4429-BB91-B490888E3101}.Debug|Any CPU.ActiveCfg = Debug|Any CPU
		{D1B07C3B-0471-4429-BB91-B490888E3101}.Debug|Any CPU.Build.0 = Debug|Any CPU
		{D1B07C3B-0471-4429-BB91-B490888E3101}.Debug|x64.ActiveCfg = Debug|x64
		{D1B07C3B-0471-4429-BB91-B490888E3101}.Debug|x64.Build.0 = Debug|x64
		{D1B07C3B-0471-4429-BB91-B490888E3101}.Debug|x86.ActiveCfg = Debug|x86
		{D1B07C3B-0471-4429-BB91-B490888E3101}.Debug|x86.Build.0 = Debug|x86
		{D1B07C3B-0471-4429-BB91-B490888E3101}.Release|Any CPU.ActiveCfg = Release|Any CPU
		{D1B07C3B-0471-4429-BB91-B490888E3101}.Release|Any CPU.Build.0 = Release|Any CPU
		{D1B07C3B-0471-4429-BB91-B490888E3101}.Release|x64.ActiveCfg = Release|x64
		{D1B07C3B-0471-4429-BB91-B490888E3101}.Release|x64.Build.0 = Release|x64
		{D1B07C3B-0471-4429-BB91-B490888E3101}.Release|x86.ActiveCfg = Release|x86
		{D1B07C3B-0471-4429-BB91-B490888E3101}.Release|x86.Build.0 = Release|x86
		{07C90457-7B9F-4035-B08C-95C3E6D6B839}.Debug|Any CPU.ActiveCfg = Debug|Any CPU
		{07C90457-7B9F-4035-B08C-95C3E6D6B839}.Debug|Any CPU.Build.0 = Debug|Any CPU
		{07C90457-7B9F-4035-B08C-95C3E6D6B839}.Debug|x64.ActiveCfg = Debug|x64
		{07C90457-7B9F-4035-B08C-95C3E6D6B839}.Debug|x64.Build.0 = Debug|x64
		{07C90457-7B9F-4035-B08C-95C3E6D6B839}.Debug|x86.ActiveCfg = Debug|x86
		{07C90457-7B9F-4035-B08C-95C3E6D6B839}.Debug|x86.Build.0 = Debug|x86
		{07C90457-7B9F-4035-B08C-95C3E6D6B839}.Release|Any CPU.ActiveCfg = Release|Any CPU
		{07C90457-7B9F-4035-B08C-95C3E6D6B839}.Release|Any CPU.Build.0 = Release|Any CPU
		{07C90457-7B9F-4035-B08C-95C3E6D6B839}.Release|x64.ActiveCfg = Release|x64
		{07C90457-7B9F-4035-B08C-95C3E6D6B839}.Release|x64.Build.0 = Release|x64
		{07C90457-7B9F-4035-B08C-95C3E6D6B839}.Release|x86.ActiveCfg = Release|x86
		{07C90457-7B9F-4035-B08C-95C3E6D6B839}.Release|x86.Build.0 = Release|x86
		{85E0A17A-47FA-4EFF-87D9-61A971703619}.Debug|Any CPU.ActiveCfg = Debug|Any CPU
		{85E0A17A-47FA-4EFF-87D9-61A971703619}.Debug|Any CPU.Build.0 = Debug|Any CPU
		{85E0A17A-47FA-4EFF-87D9-61A971703619}.Debug|x64.ActiveCfg = Debug|x64
		{85E0A17A-47FA-4EFF-87D9-61A971703619}.Debug|x64.Build.0 = Debug|x64
		{85E0A17A-47FA-4EFF-87D9-61A971703619}.Debug|x86.ActiveCfg = Debug|x86
		{85E0A17A-47FA-4EFF-87D9-61A971703619}.Debug|x86.Build.0 = Debug|x86
		{85E0A17A-47FA-4EFF-87D9-61A971703619}.Release|Any CPU.ActiveCfg = Release|Any CPU
		{85E0A17A-47FA-4EFF-87D9-61A971703619}.Release|Any CPU.Build.0 = Release|Any CPU
		{85E0A17A-47FA-4EFF-87D9-61A971703619}.Release|x64.ActiveCfg = Release|x64
		{85E0A17A-47FA-4EFF-87D9-61A971703619}.Release|x64.Build.0 = Release|x64
		{85E0A17A-47FA-4EFF-87D9-61A971703619}.Release|x86.ActiveCfg = Release|x86
		{85E0A17A-47FA-4EFF-87D9-61A971703619}.Release|x86.Build.0 = Release|x86
		{026417BB-F8B4-4F16-ABC6-693B27CCA854}.Debug|Any CPU.ActiveCfg = Debug|Any CPU
		{026417BB-F8B4-4F16-ABC6-693B27CCA854}.Debug|Any CPU.Build.0 = Debug|Any CPU
		{026417BB-F8B4-4F16-ABC6-693B27CCA854}.Debug|x64.ActiveCfg = Debug|x64
		{026417BB-F8B4-4F16-ABC6-693B27CCA854}.Debug|x64.Build.0 = Debug|x64
		{026417BB-F8B4-4F16-ABC6-693B27CCA854}.Debug|x86.ActiveCfg = Debug|x86
		{026417BB-F8B4-4F16-ABC6-693B27CCA854}.Debug|x86.Build.0 = Debug|x86
		{026417BB-F8B4-4F16-ABC6-693B27CCA854}.Release|Any CPU.ActiveCfg = Release|Any CPU
		{026417BB-F8B4-4F16-ABC6-693B27CCA854}.Release|Any CPU.Build.0 = Release|Any CPU
		{026417BB-F8B4-4F16-ABC6-693B27CCA854}.Release|x64.ActiveCfg = Release|x64
		{026417BB-F8B4-4F16-ABC6-693B27CCA854}.Release|x64.Build.0 = Release|x64
		{026417BB-F8B4-4F16-ABC6-693B27CCA854}.Release|x86.ActiveCfg = Release|x86
		{026417BB-F8B4-4F16-ABC6-693B27CCA854}.Release|x86.Build.0 = Release|x86
		{322AF755-447C-4F97-8559-89573DA4BD8E}.Debug|Any CPU.ActiveCfg = Debug|Any CPU
		{322AF755-447C-4F97-8559-89573DA4BD8E}.Debug|Any CPU.Build.0 = Debug|Any CPU
		{322AF755-447C-4F97-8559-89573DA4BD8E}.Debug|x64.ActiveCfg = Debug|x64
		{322AF755-447C-4F97-8559-89573DA4BD8E}.Debug|x64.Build.0 = Debug|x64
		{322AF755-447C-4F97-8559-89573DA4BD8E}.Debug|x86.ActiveCfg = Debug|x86
		{322AF755-447C-4F97-8559-89573DA4BD8E}.Debug|x86.Build.0 = Debug|x86
		{322AF755-447C-4F97-8559-89573DA4BD8E}.Release|Any CPU.ActiveCfg = Release|Any CPU
		{322AF755-447C-4F97-8559-89573DA4BD8E}.Release|Any CPU.Build.0 = Release|Any CPU
		{322AF755-447C-4F97-8559-89573DA4BD8E}.Release|x64.ActiveCfg = Release|x64
		{322AF755-447C-4F97-8559-89573DA4BD8E}.Release|x64.Build.0 = Release|x64
		{322AF755-447C-4F97-8559-89573DA4BD8E}.Release|x86.ActiveCfg = Release|x86
		{322AF755-447C-4F97-8559-89573DA4BD8E}.Release|x86.Build.0 = Release|x86
		{ECCB319B-E165-4A54-A1CE-82533C6D81A8}.Debug|Any CPU.ActiveCfg = Debug|Any CPU
		{ECCB319B-E165-4A54-A1CE-82533C6D81A8}.Debug|Any CPU.Build.0 = Debug|Any CPU
		{ECCB319B-E165-4A54-A1CE-82533C6D81A8}.Debug|x64.ActiveCfg = Debug|x64
		{ECCB319B-E165-4A54-A1CE-82533C6D81A8}.Debug|x64.Build.0 = Debug|x64
		{ECCB319B-E165-4A54-A1CE-82533C6D81A8}.Debug|x86.ActiveCfg = Debug|x86
		{ECCB319B-E165-4A54-A1CE-82533C6D81A8}.Debug|x86.Build.0 = Debug|x86
		{ECCB319B-E165-4A54-A1CE-82533C6D81A8}.Release|Any CPU.ActiveCfg = Release|Any CPU
		{ECCB319B-E165-4A54-A1CE-82533C6D81A8}.Release|Any CPU.Build.0 = Release|Any CPU
		{ECCB319B-E165-4A54-A1CE-82533C6D81A8}.Release|x64.ActiveCfg = Release|x64
		{ECCB319B-E165-4A54-A1CE-82533C6D81A8}.Release|x64.Build.0 = Release|x64
		{ECCB319B-E165-4A54-A1CE-82533C6D81A8}.Release|x86.ActiveCfg = Release|x86
		{ECCB319B-E165-4A54-A1CE-82533C6D81A8}.Release|x86.Build.0 = Release|x86
		{056D1478-9B96-4E54-BE5E-A57D85114748}.Debug|Any CPU.ActiveCfg = Debug|Any CPU
		{056D1478-9B96-4E54-BE5E-A57D85114748}.Debug|Any CPU.Build.0 = Debug|Any CPU
		{056D1478-9B96-4E54-BE5E-A57D85114748}.Debug|x64.ActiveCfg = Debug|x64
		{056D1478-9B96-4E54-BE5E-A57D85114748}.Debug|x64.Build.0 = Debug|x64
		{056D1478-9B96-4E54-BE5E-A57D85114748}.Debug|x86.ActiveCfg = Debug|x86
		{056D1478-9B96-4E54-BE5E-A57D85114748}.Debug|x86.Build.0 = Debug|x86
		{056D1478-9B96-4E54-BE5E-A57D85114748}.Release|Any CPU.ActiveCfg = Release|Any CPU
		{056D1478-9B96-4E54-BE5E-A57D85114748}.Release|Any CPU.Build.0 = Release|Any CPU
		{056D1478-9B96-4E54-BE5E-A57D85114748}.Release|x64.ActiveCfg = Release|x64
		{056D1478-9B96-4E54-BE5E-A57D85114748}.Release|x64.Build.0 = Release|x64
		{056D1478-9B96-4E54-BE5E-A57D85114748}.Release|x86.ActiveCfg = Release|x86
		{056D1478-9B96-4E54-BE5E-A57D85114748}.Release|x86.Build.0 = Release|x86
		{009C12C3-29DA-430E-B953-7CB202265976}.Debug|Any CPU.ActiveCfg = Debug|Any CPU
		{009C12C3-29DA-430E-B953-7CB202265976}.Debug|Any CPU.Build.0 = Debug|Any CPU
		{009C12C3-29DA-430E-B953-7CB202265976}.Debug|x64.ActiveCfg = Debug|x64
		{009C12C3-29DA-430E-B953-7CB202265976}.Debug|x64.Build.0 = Debug|x64
		{009C12C3-29DA-430E-B953-7CB202265976}.Debug|x86.ActiveCfg = Debug|x86
		{009C12C3-29DA-430E-B953-7CB202265976}.Debug|x86.Build.0 = Debug|x86
		{009C12C3-29DA-430E-B953-7CB202265976}.Release|Any CPU.ActiveCfg = Release|Any CPU
		{009C12C3-29DA-430E-B953-7CB202265976}.Release|Any CPU.Build.0 = Release|Any CPU
		{009C12C3-29DA-430E-B953-7CB202265976}.Release|x64.ActiveCfg = Release|x64
		{009C12C3-29DA-430E-B953-7CB202265976}.Release|x64.Build.0 = Release|x64
		{009C12C3-29DA-430E-B953-7CB202265976}.Release|x86.ActiveCfg = Release|x86
		{009C12C3-29DA-430E-B953-7CB202265976}.Release|x86.Build.0 = Release|x86
		{4990C45A-9E96-4496-9113-85E9711BFA45}.Debug|Any CPU.ActiveCfg = Debug|Any CPU
		{4990C45A-9E96-4496-9113-85E9711BFA45}.Debug|Any CPU.Build.0 = Debug|Any CPU
		{4990C45A-9E96-4496-9113-85E9711BFA45}.Debug|x64.ActiveCfg = Debug|x64
		{4990C45A-9E96-4496-9113-85E9711BFA45}.Debug|x64.Build.0 = Debug|x64
		{4990C45A-9E96-4496-9113-85E9711BFA45}.Debug|x86.ActiveCfg = Debug|x86
		{4990C45A-9E96-4496-9113-85E9711BFA45}.Debug|x86.Build.0 = Debug|x86
		{4990C45A-9E96-4496-9113-85E9711BFA45}.Release|Any CPU.ActiveCfg = Release|Any CPU
		{4990C45A-9E96-4496-9113-85E9711BFA45}.Release|Any CPU.Build.0 = Release|Any CPU
		{4990C45A-9E96-4496-9113-85E9711BFA45}.Release|x64.ActiveCfg = Release|x64
		{4990C45A-9E96-4496-9113-85E9711BFA45}.Release|x64.Build.0 = Release|x64
		{4990C45A-9E96-4496-9113-85E9711BFA45}.Release|x86.ActiveCfg = Release|x86
		{4990C45A-9E96-4496-9113-85E9711BFA45}.Release|x86.Build.0 = Release|x86
		{A64721DE-D27B-4B14-BD8F-441ED54CBFA7}.Debug|Any CPU.ActiveCfg = Debug|Any CPU
		{A64721DE-D27B-4B14-BD8F-441ED54CBFA7}.Debug|Any CPU.Build.0 = Debug|Any CPU
		{A64721DE-D27B-4B14-BD8F-441ED54CBFA7}.Debug|x64.ActiveCfg = Debug|x64
		{A64721DE-D27B-4B14-BD8F-441ED54CBFA7}.Debug|x64.Build.0 = Debug|x64
		{A64721DE-D27B-4B14-BD8F-441ED54CBFA7}.Debug|x86.ActiveCfg = Debug|x86
		{A64721DE-D27B-4B14-BD8F-441ED54CBFA7}.Debug|x86.Build.0 = Debug|x86
		{A64721DE-D27B-4B14-BD8F-441ED54CBFA7}.Release|Any CPU.ActiveCfg = Release|Any CPU
		{A64721DE-D27B-4B14-BD8F-441ED54CBFA7}.Release|Any CPU.Build.0 = Release|Any CPU
		{A64721DE-D27B-4B14-BD8F-441ED54CBFA7}.Release|x64.ActiveCfg = Release|x64
		{A64721DE-D27B-4B14-BD8F-441ED54CBFA7}.Release|x64.Build.0 = Release|x64
		{A64721DE-D27B-4B14-BD8F-441ED54CBFA7}.Release|x86.ActiveCfg = Release|x86
		{A64721DE-D27B-4B14-BD8F-441ED54CBFA7}.Release|x86.Build.0 = Release|x86
		{DB4A9C54-DAD3-4672-9DD0-695475A9B75D}.Debug|Any CPU.ActiveCfg = Debug|Any CPU
		{DB4A9C54-DAD3-4672-9DD0-695475A9B75D}.Debug|Any CPU.Build.0 = Debug|Any CPU
		{DB4A9C54-DAD3-4672-9DD0-695475A9B75D}.Debug|x64.ActiveCfg = Debug|x64
		{DB4A9C54-DAD3-4672-9DD0-695475A9B75D}.Debug|x64.Build.0 = Debug|x64
		{DB4A9C54-DAD3-4672-9DD0-695475A9B75D}.Debug|x86.ActiveCfg = Debug|x86
		{DB4A9C54-DAD3-4672-9DD0-695475A9B75D}.Debug|x86.Build.0 = Debug|x86
		{DB4A9C54-DAD3-4672-9DD0-695475A9B75D}.Release|Any CPU.ActiveCfg = Release|Any CPU
		{DB4A9C54-DAD3-4672-9DD0-695475A9B75D}.Release|Any CPU.Build.0 = Release|Any CPU
		{DB4A9C54-DAD3-4672-9DD0-695475A9B75D}.Release|x64.ActiveCfg = Release|x64
		{DB4A9C54-DAD3-4672-9DD0-695475A9B75D}.Release|x64.Build.0 = Release|x64
		{DB4A9C54-DAD3-4672-9DD0-695475A9B75D}.Release|x86.ActiveCfg = Release|x86
		{DB4A9C54-DAD3-4672-9DD0-695475A9B75D}.Release|x86.Build.0 = Release|x86
		{FDE9ACDE-12EC-46CC-B062-B03081FF81AA}.Debug|Any CPU.ActiveCfg = Debug|Any CPU
		{FDE9ACDE-12EC-46CC-B062-B03081FF81AA}.Debug|Any CPU.Build.0 = Debug|Any CPU
		{FDE9ACDE-12EC-46CC-B062-B03081FF81AA}.Debug|x64.ActiveCfg = Debug|x64
		{FDE9ACDE-12EC-46CC-B062-B03081FF81AA}.Debug|x64.Build.0 = Debug|x64
		{FDE9ACDE-12EC-46CC-B062-B03081FF81AA}.Debug|x86.ActiveCfg = Debug|x86
		{FDE9ACDE-12EC-46CC-B062-B03081FF81AA}.Debug|x86.Build.0 = Debug|x86
		{FDE9ACDE-12EC-46CC-B062-B03081FF81AA}.Release|Any CPU.ActiveCfg = Release|Any CPU
		{FDE9ACDE-12EC-46CC-B062-B03081FF81AA}.Release|Any CPU.Build.0 = Release|Any CPU
		{FDE9ACDE-12EC-46CC-B062-B03081FF81AA}.Release|x64.ActiveCfg = Release|x64
		{FDE9ACDE-12EC-46CC-B062-B03081FF81AA}.Release|x64.Build.0 = Release|x64
		{FDE9ACDE-12EC-46CC-B062-B03081FF81AA}.Release|x86.ActiveCfg = Release|x86
		{FDE9ACDE-12EC-46CC-B062-B03081FF81AA}.Release|x86.Build.0 = Release|x86
		{90D28E01-4A3D-43B7-B7C1-A33B19A7CED8}.Debug|Any CPU.ActiveCfg = Debug|Any CPU
		{90D28E01-4A3D-43B7-B7C1-A33B19A7CED8}.Debug|Any CPU.Build.0 = Debug|Any CPU
		{90D28E01-4A3D-43B7-B7C1-A33B19A7CED8}.Debug|x64.ActiveCfg = Debug|x64
		{90D28E01-4A3D-43B7-B7C1-A33B19A7CED8}.Debug|x64.Build.0 = Debug|x64
		{90D28E01-4A3D-43B7-B7C1-A33B19A7CED8}.Debug|x86.ActiveCfg = Debug|x86
		{90D28E01-4A3D-43B7-B7C1-A33B19A7CED8}.Debug|x86.Build.0 = Debug|x86
		{90D28E01-4A3D-43B7-B7C1-A33B19A7CED8}.Release|Any CPU.ActiveCfg = Release|Any CPU
		{90D28E01-4A3D-43B7-B7C1-A33B19A7CED8}.Release|Any CPU.Build.0 = Release|Any CPU
		{90D28E01-4A3D-43B7-B7C1-A33B19A7CED8}.Release|x64.ActiveCfg = Release|x64
		{90D28E01-4A3D-43B7-B7C1-A33B19A7CED8}.Release|x64.Build.0 = Release|x64
		{90D28E01-4A3D-43B7-B7C1-A33B19A7CED8}.Release|x86.ActiveCfg = Release|x86
		{90D28E01-4A3D-43B7-B7C1-A33B19A7CED8}.Release|x86.Build.0 = Release|x86
		{77E679EA-8641-4D0D-AA9D-C3DE622B287E}.Debug|Any CPU.ActiveCfg = Debug|Any CPU
		{77E679EA-8641-4D0D-AA9D-C3DE622B287E}.Debug|Any CPU.Build.0 = Debug|Any CPU
		{77E679EA-8641-4D0D-AA9D-C3DE622B287E}.Debug|x64.ActiveCfg = Debug|x64
		{77E679EA-8641-4D0D-AA9D-C3DE622B287E}.Debug|x64.Build.0 = Debug|x64
		{77E679EA-8641-4D0D-AA9D-C3DE622B287E}.Debug|x86.ActiveCfg = Debug|x86
		{77E679EA-8641-4D0D-AA9D-C3DE622B287E}.Debug|x86.Build.0 = Debug|x86
		{77E679EA-8641-4D0D-AA9D-C3DE622B287E}.Release|Any CPU.ActiveCfg = Release|Any CPU
		{77E679EA-8641-4D0D-AA9D-C3DE622B287E}.Release|Any CPU.Build.0 = Release|Any CPU
		{77E679EA-8641-4D0D-AA9D-C3DE622B287E}.Release|x64.ActiveCfg = Release|x64
		{77E679EA-8641-4D0D-AA9D-C3DE622B287E}.Release|x64.Build.0 = Release|x64
		{77E679EA-8641-4D0D-AA9D-C3DE622B287E}.Release|x86.ActiveCfg = Release|x86
		{77E679EA-8641-4D0D-AA9D-C3DE622B287E}.Release|x86.Build.0 = Release|x86
		{CA1B4EC4-F6FB-4F81-B35D-9E21ADA0397F}.Debug|Any CPU.ActiveCfg = Debug|Any CPU
		{CA1B4EC4-F6FB-4F81-B35D-9E21ADA0397F}.Debug|Any CPU.Build.0 = Debug|Any CPU
		{CA1B4EC4-F6FB-4F81-B35D-9E21ADA0397F}.Debug|x64.ActiveCfg = Debug|x64
		{CA1B4EC4-F6FB-4F81-B35D-9E21ADA0397F}.Debug|x64.Build.0 = Debug|x64
		{CA1B4EC4-F6FB-4F81-B35D-9E21ADA0397F}.Debug|x86.ActiveCfg = Debug|x86
		{CA1B4EC4-F6FB-4F81-B35D-9E21ADA0397F}.Debug|x86.Build.0 = Debug|x86
		{CA1B4EC4-F6FB-4F81-B35D-9E21ADA0397F}.Release|Any CPU.ActiveCfg = Release|Any CPU
		{CA1B4EC4-F6FB-4F81-B35D-9E21ADA0397F}.Release|Any CPU.Build.0 = Release|Any CPU
		{CA1B4EC4-F6FB-4F81-B35D-9E21ADA0397F}.Release|x64.ActiveCfg = Release|x64
		{CA1B4EC4-F6FB-4F81-B35D-9E21ADA0397F}.Release|x64.Build.0 = Release|x64
		{CA1B4EC4-F6FB-4F81-B35D-9E21ADA0397F}.Release|x86.ActiveCfg = Release|x86
		{CA1B4EC4-F6FB-4F81-B35D-9E21ADA0397F}.Release|x86.Build.0 = Release|x86
		{C9801A4F-CA8C-4051-BA68-C42F839F3EA6}.Debug|Any CPU.ActiveCfg = Debug|Any CPU
		{C9801A4F-CA8C-4051-BA68-C42F839F3EA6}.Debug|Any CPU.Build.0 = Debug|Any CPU
		{C9801A4F-CA8C-4051-BA68-C42F839F3EA6}.Debug|x64.ActiveCfg = Debug|x64
		{C9801A4F-CA8C-4051-BA68-C42F839F3EA6}.Debug|x64.Build.0 = Debug|x64
		{C9801A4F-CA8C-4051-BA68-C42F839F3EA6}.Debug|x86.ActiveCfg = Debug|x86
		{C9801A4F-CA8C-4051-BA68-C42F839F3EA6}.Debug|x86.Build.0 = Debug|x86
		{C9801A4F-CA8C-4051-BA68-C42F839F3EA6}.Release|Any CPU.ActiveCfg = Release|Any CPU
		{C9801A4F-CA8C-4051-BA68-C42F839F3EA6}.Release|Any CPU.Build.0 = Release|Any CPU
		{C9801A4F-CA8C-4051-BA68-C42F839F3EA6}.Release|x64.ActiveCfg = Release|x64
		{C9801A4F-CA8C-4051-BA68-C42F839F3EA6}.Release|x64.Build.0 = Release|x64
		{C9801A4F-CA8C-4051-BA68-C42F839F3EA6}.Release|x86.ActiveCfg = Release|x86
		{C9801A4F-CA8C-4051-BA68-C42F839F3EA6}.Release|x86.Build.0 = Release|x86
		{87EE0DAA-D3FC-484C-973E-41DD2CE13149}.Debug|Any CPU.ActiveCfg = Debug|Any CPU
		{87EE0DAA-D3FC-484C-973E-41DD2CE13149}.Debug|Any CPU.Build.0 = Debug|Any CPU
		{87EE0DAA-D3FC-484C-973E-41DD2CE13149}.Debug|x64.ActiveCfg = Debug|x64
		{87EE0DAA-D3FC-484C-973E-41DD2CE13149}.Debug|x64.Build.0 = Debug|x64
		{87EE0DAA-D3FC-484C-973E-41DD2CE13149}.Debug|x86.ActiveCfg = Debug|x86
		{87EE0DAA-D3FC-484C-973E-41DD2CE13149}.Debug|x86.Build.0 = Debug|x86
		{87EE0DAA-D3FC-484C-973E-41DD2CE13149}.Release|Any CPU.ActiveCfg = Release|Any CPU
		{87EE0DAA-D3FC-484C-973E-41DD2CE13149}.Release|Any CPU.Build.0 = Release|Any CPU
		{87EE0DAA-D3FC-484C-973E-41DD2CE13149}.Release|x64.ActiveCfg = Release|x64
		{87EE0DAA-D3FC-484C-973E-41DD2CE13149}.Release|x64.Build.0 = Release|x64
		{87EE0DAA-D3FC-484C-973E-41DD2CE13149}.Release|x86.ActiveCfg = Release|x86
		{87EE0DAA-D3FC-484C-973E-41DD2CE13149}.Release|x86.Build.0 = Release|x86
		{9D99EDC5-C27C-442B-A5AB-23402C20C1DF}.Debug|Any CPU.ActiveCfg = Debug|Any CPU
		{9D99EDC5-C27C-442B-A5AB-23402C20C1DF}.Debug|Any CPU.Build.0 = Debug|Any CPU
		{9D99EDC5-C27C-442B-A5AB-23402C20C1DF}.Debug|x64.ActiveCfg = Debug|x64
		{9D99EDC5-C27C-442B-A5AB-23402C20C1DF}.Debug|x64.Build.0 = Debug|x64
		{9D99EDC5-C27C-442B-A5AB-23402C20C1DF}.Debug|x86.ActiveCfg = Debug|x86
		{9D99EDC5-C27C-442B-A5AB-23402C20C1DF}.Debug|x86.Build.0 = Debug|x86
		{9D99EDC5-C27C-442B-A5AB-23402C20C1DF}.Release|Any CPU.ActiveCfg = Release|Any CPU
		{9D99EDC5-C27C-442B-A5AB-23402C20C1DF}.Release|Any CPU.Build.0 = Release|Any CPU
		{9D99EDC5-C27C-442B-A5AB-23402C20C1DF}.Release|x64.ActiveCfg = Release|x64
		{9D99EDC5-C27C-442B-A5AB-23402C20C1DF}.Release|x64.Build.0 = Release|x64
		{9D99EDC5-C27C-442B-A5AB-23402C20C1DF}.Release|x86.ActiveCfg = Release|x86
		{9D99EDC5-C27C-442B-A5AB-23402C20C1DF}.Release|x86.Build.0 = Release|x86
		{353ABC35-9BCE-4D20-AF0F-3F2517E626A5}.Debug|Any CPU.ActiveCfg = Debug|Any CPU
		{353ABC35-9BCE-4D20-AF0F-3F2517E626A5}.Debug|Any CPU.Build.0 = Debug|Any CPU
		{353ABC35-9BCE-4D20-AF0F-3F2517E626A5}.Debug|x64.ActiveCfg = Debug|x64
		{353ABC35-9BCE-4D20-AF0F-3F2517E626A5}.Debug|x64.Build.0 = Debug|x64
		{353ABC35-9BCE-4D20-AF0F-3F2517E626A5}.Debug|x86.ActiveCfg = Debug|x86
		{353ABC35-9BCE-4D20-AF0F-3F2517E626A5}.Debug|x86.Build.0 = Debug|x86
		{353ABC35-9BCE-4D20-AF0F-3F2517E626A5}.Release|Any CPU.ActiveCfg = Release|Any CPU
		{353ABC35-9BCE-4D20-AF0F-3F2517E626A5}.Release|Any CPU.Build.0 = Release|Any CPU
		{353ABC35-9BCE-4D20-AF0F-3F2517E626A5}.Release|x64.ActiveCfg = Release|x64
		{353ABC35-9BCE-4D20-AF0F-3F2517E626A5}.Release|x64.Build.0 = Release|x64
		{353ABC35-9BCE-4D20-AF0F-3F2517E626A5}.Release|x86.ActiveCfg = Release|x86
		{353ABC35-9BCE-4D20-AF0F-3F2517E626A5}.Release|x86.Build.0 = Release|x86
		{56AF16B5-6814-4C8B-8DD1-85B363B122EF}.Debug|Any CPU.ActiveCfg = Debug|Any CPU
		{56AF16B5-6814-4C8B-8DD1-85B363B122EF}.Debug|Any CPU.Build.0 = Debug|Any CPU
		{56AF16B5-6814-4C8B-8DD1-85B363B122EF}.Debug|x64.ActiveCfg = Debug|x64
		{56AF16B5-6814-4C8B-8DD1-85B363B122EF}.Debug|x64.Build.0 = Debug|x64
		{56AF16B5-6814-4C8B-8DD1-85B363B122EF}.Debug|x86.ActiveCfg = Debug|x86
		{56AF16B5-6814-4C8B-8DD1-85B363B122EF}.Debug|x86.Build.0 = Debug|x86
		{56AF16B5-6814-4C8B-8DD1-85B363B122EF}.Release|Any CPU.ActiveCfg = Release|Any CPU
		{56AF16B5-6814-4C8B-8DD1-85B363B122EF}.Release|Any CPU.Build.0 = Release|Any CPU
		{56AF16B5-6814-4C8B-8DD1-85B363B122EF}.Release|x64.ActiveCfg = Release|x64
		{56AF16B5-6814-4C8B-8DD1-85B363B122EF}.Release|x64.Build.0 = Release|x64
		{56AF16B5-6814-4C8B-8DD1-85B363B122EF}.Release|x86.ActiveCfg = Release|x86
		{56AF16B5-6814-4C8B-8DD1-85B363B122EF}.Release|x86.Build.0 = Release|x86
		{8C4CEDC6-6AB1-4904-A6A2-B8B5FCB81B85}.Debug|Any CPU.ActiveCfg = Debug|Any CPU
		{8C4CEDC6-6AB1-4904-A6A2-B8B5FCB81B85}.Debug|Any CPU.Build.0 = Debug|Any CPU
		{8C4CEDC6-6AB1-4904-A6A2-B8B5FCB81B85}.Debug|x64.ActiveCfg = Debug|x64
		{8C4CEDC6-6AB1-4904-A6A2-B8B5FCB81B85}.Debug|x64.Build.0 = Debug|x64
		{8C4CEDC6-6AB1-4904-A6A2-B8B5FCB81B85}.Debug|x86.ActiveCfg = Debug|x86
		{8C4CEDC6-6AB1-4904-A6A2-B8B5FCB81B85}.Debug|x86.Build.0 = Debug|x86
		{8C4CEDC6-6AB1-4904-A6A2-B8B5FCB81B85}.Release|Any CPU.ActiveCfg = Release|Any CPU
		{8C4CEDC6-6AB1-4904-A6A2-B8B5FCB81B85}.Release|Any CPU.Build.0 = Release|Any CPU
		{8C4CEDC6-6AB1-4904-A6A2-B8B5FCB81B85}.Release|x64.ActiveCfg = Release|x64
		{8C4CEDC6-6AB1-4904-A6A2-B8B5FCB81B85}.Release|x64.Build.0 = Release|x64
		{8C4CEDC6-6AB1-4904-A6A2-B8B5FCB81B85}.Release|x86.ActiveCfg = Release|x86
		{8C4CEDC6-6AB1-4904-A6A2-B8B5FCB81B85}.Release|x86.Build.0 = Release|x86
		{1B296BC4-BD04-436A-B318-188C66E8A192}.Debug|Any CPU.ActiveCfg = Debug|Any CPU
		{1B296BC4-BD04-436A-B318-188C66E8A192}.Debug|Any CPU.Build.0 = Debug|Any CPU
		{1B296BC4-BD04-436A-B318-188C66E8A192}.Debug|x64.ActiveCfg = Debug|Any CPU
		{1B296BC4-BD04-436A-B318-188C66E8A192}.Debug|x64.Build.0 = Debug|Any CPU
		{1B296BC4-BD04-436A-B318-188C66E8A192}.Debug|x86.ActiveCfg = Debug|Any CPU
		{1B296BC4-BD04-436A-B318-188C66E8A192}.Debug|x86.Build.0 = Debug|Any CPU
		{1B296BC4-BD04-436A-B318-188C66E8A192}.Release|Any CPU.ActiveCfg = Release|Any CPU
		{1B296BC4-BD04-436A-B318-188C66E8A192}.Release|Any CPU.Build.0 = Release|Any CPU
		{1B296BC4-BD04-436A-B318-188C66E8A192}.Release|x64.ActiveCfg = Release|Any CPU
		{1B296BC4-BD04-436A-B318-188C66E8A192}.Release|x64.Build.0 = Release|Any CPU
		{1B296BC4-BD04-436A-B318-188C66E8A192}.Release|x86.ActiveCfg = Release|Any CPU
		{1B296BC4-BD04-436A-B318-188C66E8A192}.Release|x86.Build.0 = Release|Any CPU
	EndGlobalSection
	GlobalSection(NestedProjects) = preSolution
		{4D577B18-93C1-4808-A1FA-6764B232118F} = {0DAF723A-9AE0-44C7-A2E3-C54D860E4E38}
		{2C8A80EB-5754-46DC-9EEB-176DFE0ED218} = {5EBF7129-25ED-4D2B-8906-9A278BD0665F}
		{5F85E9F9-3798-4A7D-9694-7CEDE1FCDCF9} = {F06AB6F9-B27B-440F-B181-F69052362183}
		{4A2CBD32-90D3-4B06-87B1-3EEEF8ED50E1} = {285A0427-02FC-49A8-829D-0D4A5F94B528}
		{A0E5D8E1-5426-4533-B775-19F1168115EA} = {40FDF84D-035E-4660-8ABE-A2FEBC82FFE8}
		{9BE8C323-0848-4860-83A0-DFD9E83BDCC9} = {0953D6CE-657B-4CC9-BAD5-EBD7A4B242E0}
		{639AFE4E-7A0B-405C-942A-23145C687742} = {9F831D31-E196-4099-85D6-53CD6548B7B3}
		{6927F023-4440-41DD-BD15-F4BE5563E053} = {BC2DBC20-E5D1-4109-AD4F-06D3B2D54116}
		{3DBAA7C4-8FC2-4992-8A31-421CA1153352} = {E9EFA391-5E84-4413-9691-6956DEED9206}
		{113A9FCE-94BA-46F7-AD2F-39B28CDD5981} = {1B58D14E-9112-47C1-85C4-DB951B216AC7}
		{2823E28C-8A32-4D91-9D0D-D2F53A032AEF} = {E7A21F96-AA3D-41E9-A3C8-2E9B0FC494A2}
		{465690CC-E034-4AC1-90B2-3835EFA4927C} = {E90029B4-CEC1-4F24-AB17-92B7B5A244D8}
		{E3F4B2CC-84D3-4AC8-A0D9-044F607659D0} = {94BD3E03-6A7B-495D-A91F-C30B6333EFB6}
		{552C8CA2-D87A-4B54-9247-47EFDDA8D9D6} = {DD48D109-775F-43B5-95EE-6B7DD7F094F5}
		{68845E94-1ECE-451D-AFF9-3673250D3F2F} = {7EF59B5F-2667-4409-AF7F-596FE8951EA7}
		{D991CFB0-E024-4EF1-97BC-1D8B7A56C3EA} = {7834326B-E295-4874-B54E-FAE7E95C87FD}
		{164421F0-F3BD-4E33-B1C8-80170865486B} = {2D9B8CD0-2524-4EA4-955D-FDFDB57C77CA}
		{9586DAB6-544D-4131-9DDF-E473D8209529} = {B63F76E0-4919-4094-91DB-D9F55308D854}
		{26A7B9BD-CA64-4E21-85CC-B1D2EAED1443} = {EA7CBD8A-0AE9-442D-A64B-4A8A31306273}
		{7CCB0F27-2012-4C8D-8CCD-F358543D46DC} = {2675CDF3-C404-4C87-92FD-96EC0A568023}
		{A5FC7652-8DCF-4A84-A0EE-E7FF4459D98B} = {F6F3DF25-6DB4-47DA-8CA3-C3F19D15A7D1}
		{4FCB679C-1194-4BFD-AD09-7EEB8CD0E6D5} = {33D64ADE-C203-4686-BDC8-0290666EEF38}
		{C35391B5-5AA2-4052-B223-EC7E55BD8EA3} = {ED081731-A0B7-4013-BBB6-E4093CE916FE}
		{5BFD1943-5EFD-481F-8D20-3E522DE2364F} = {2243292A-DA3D-4EC3-8857-1DDFABE29769}
		{FADACEFF-4F05-4CF3-AA50-65130A917371} = {7B27C298-47F5-46C6-9DCD-AEC447A23D8C}
		{5755ECFD-3748-4B30-A6B5-C0BF7E6CBBBE} = {8049AC9F-4E9D-4FEB-956A-454F55A9D2F5}
		{3EE3D2FD-CBC4-477A-A339-5DF6895502B5} = {BD907FBC-819B-4866-B2D0-A5498635D233}
		{8EE27FDB-8E97-426D-8E0C-82463211387B} = {66F3B6EF-C943-4348-A1F7-C1C7B4756DF7}
		{8C9AE868-5045-4EC2-A9CD-5C93753FAC64} = {ABCF2CF4-8421-4341-9C4B-3BA514BFD0E5}
		{724BBB44-E250-4F93-ABC2-FCC25F3EF374} = {B42087F4-FB75-4F39-AF50-FF5952AF3E54}
		{4788A97E-944B-4FF0-9581-EB1C26418A5B} = {D5D9F9F0-691E-4C8E-BCE2-0EF3720F69F8}
		{EF633CE4-DD79-4557-921C-DC7F9553DD6B} = {03EB70EC-474B-4279-8F93-C3290FCEE8A2}
		{D1B07C3B-0471-4429-BB91-B490888E3101} = {145A8E8C-07FA-4999-8C5C-85995E20F7F8}
		{07C90457-7B9F-4035-B08C-95C3E6D6B839} = {39E30753-C88B-45D8-854D-E92CF6B0122A}
		{85E0A17A-47FA-4EFF-87D9-61A971703619} = {9E6EA7B1-CCF7-4E4F-AD92-87634B618976}
		{026417BB-F8B4-4F16-ABC6-693B27CCA854} = {1EB6B778-C445-437E-BAF7-462DC9725ED2}
		{322AF755-447C-4F97-8559-89573DA4BD8E} = {5FC501E5-5903-4698-A2B6-30243E74266E}
		{ECCB319B-E165-4A54-A1CE-82533C6D81A8} = {D1D59E9C-6121-426D-A7E9-08570B07D82A}
		{056D1478-9B96-4E54-BE5E-A57D85114748} = {4AA35F0F-E6FE-4072-9740-A76637AAF8A8}
		{009C12C3-29DA-430E-B953-7CB202265976} = {8342CD24-39B4-45D5-B69E-2ECABA3CB66C}
		{4990C45A-9E96-4496-9113-85E9711BFA45} = {0BEA3028-B149-41BD-8B90-84D1F4443F7D}
		{A64721DE-D27B-4B14-BD8F-441ED54CBFA7} = {E7F55654-49D8-41D0-8B08-FF1374B0FF9E}
		{DB4A9C54-DAD3-4672-9DD0-695475A9B75D} = {EAE37520-1C76-4938-9070-29635A7C2F66}
		{FDE9ACDE-12EC-46CC-B062-B03081FF81AA} = {3E901899-352C-48E2-B120-98FD567750BB}
		{90D28E01-4A3D-43B7-B7C1-A33B19A7CED8} = {02D22A1F-2A00-4B21-A80F-2685E02FE49B}
		{77E679EA-8641-4D0D-AA9D-C3DE622B287E} = {598C60DA-6299-4CAC-ABF5-4A767915D90B}
		{CA1B4EC4-F6FB-4F81-B35D-9E21ADA0397F} = {26B875FD-F775-4555-94C8-517D2B42BDFC}
		{C9801A4F-CA8C-4051-BA68-C42F839F3EA6} = {1A1F394C-D43D-478E-80AE-32054D66AF1A}
		{87EE0DAA-D3FC-484C-973E-41DD2CE13149} = {627DAB70-A2B3-4EB4-BE27-C9DF4C9E6B55}
		{9D99EDC5-C27C-442B-A5AB-23402C20C1DF} = {04F22557-5542-4FA9-99BF-FFC9E50F8515}
		{353ABC35-9BCE-4D20-AF0F-3F2517E626A5} = {A663F748-FB62-47DB-98D9-876C05272DF2}
		{56AF16B5-6814-4C8B-8DD1-85B363B122EF} = {09E5A40B-CB53-4B3E-BA32-9FCB670E2021}
		{8C4CEDC6-6AB1-4904-A6A2-B8B5FCB81B85} = {F06FD5DD-3202-48B8-A1EA-48751A07DB48}
	EndGlobalSection
EndGlobal
